// !$*UTF8*$!
{
	archiveVersion = 1;
	classes = {
	};
	objectVersion = 50;
	objects = {

/* Begin PBXBuildFile section */
		8BD0E250260F535D00D21D1D /* AppDelegate.swift in Sources */ = {isa = PBXBuildFile; fileRef = 8BD0E24F260F535D00D21D1D /* AppDelegate.swift */; };
		8BD0E252260F535D00D21D1D /* SceneDelegate.swift in Sources */ = {isa = PBXBuildFile; fileRef = 8BD0E251260F535D00D21D1D /* SceneDelegate.swift */; };
		8BD0E254260F535D00D21D1D /* ViewController.swift in Sources */ = {isa = PBXBuildFile; fileRef = 8BD0E253260F535D00D21D1D /* ViewController.swift */; };
		8BD0E257260F535D00D21D1D /* Main.storyboard in Resources */ = {isa = PBXBuildFile; fileRef = 8BD0E255260F535D00D21D1D /* Main.storyboard */; };
		8BD0E259260F535F00D21D1D /* Assets.xcassets in Resources */ = {isa = PBXBuildFile; fileRef = 8BD0E258260F535F00D21D1D /* Assets.xcassets */; };
		8BD0E25C260F535F00D21D1D /* LaunchScreen.storyboard in Resources */ = {isa = PBXBuildFile; fileRef = 8BD0E25A260F535F00D21D1D /* LaunchScreen.storyboard */; };
		8BD0E267260F535F00D21D1D /* MercadoLibreChallengeTests.swift in Sources */ = {isa = PBXBuildFile; fileRef = 8BD0E266260F535F00D21D1D /* MercadoLibreChallengeTests.swift */; };
		8BD0E272260F535F00D21D1D /* MercadoLibreChallengeUITests.swift in Sources */ = {isa = PBXBuildFile; fileRef = 8BD0E271260F535F00D21D1D /* MercadoLibreChallengeUITests.swift */; };
/* End PBXBuildFile section */

/* Begin PBXContainerItemProxy section */
		8BD0E263260F535F00D21D1D /* PBXContainerItemProxy */ = {
			isa = PBXContainerItemProxy;
			containerPortal = 8BD0E244260F535D00D21D1D /* Project object */;
			proxyType = 1;
			remoteGlobalIDString = 8BD0E24B260F535D00D21D1D;
			remoteInfo = MercadoLibreChallenge;
		};
		8BD0E26E260F535F00D21D1D /* PBXContainerItemProxy */ = {
			isa = PBXContainerItemProxy;
			containerPortal = 8BD0E244260F535D00D21D1D /* Project object */;
			proxyType = 1;
			remoteGlobalIDString = 8BD0E24B260F535D00D21D1D;
			remoteInfo = MercadoLibreChallenge;
		};
/* End PBXContainerItemProxy section */

/* Begin PBXFileReference section */
		8BD0E24C260F535D00D21D1D /* MercadoLibreChallenge.app */ = {isa = PBXFileReference; explicitFileType = wrapper.application; includeInIndex = 0; path = MercadoLibreChallenge.app; sourceTree = BUILT_PRODUCTS_DIR; };
		8BD0E24F260F535D00D21D1D /* AppDelegate.swift */ = {isa = PBXFileReference; lastKnownFileType = sourcecode.swift; path = AppDelegate.swift; sourceTree = "<group>"; };
		8BD0E251260F535D00D21D1D /* SceneDelegate.swift */ = {isa = PBXFileReference; lastKnownFileType = sourcecode.swift; path = SceneDelegate.swift; sourceTree = "<group>"; };
		8BD0E253260F535D00D21D1D /* ViewController.swift */ = {isa = PBXFileReference; lastKnownFileType = sourcecode.swift; path = ViewController.swift; sourceTree = "<group>"; };
		8BD0E256260F535D00D21D1D /* Base */ = {isa = PBXFileReference; lastKnownFileType = file.storyboard; name = Base; path = Base.lproj/Main.storyboard; sourceTree = "<group>"; };
		8BD0E258260F535F00D21D1D /* Assets.xcassets */ = {isa = PBXFileReference; lastKnownFileType = folder.assetcatalog; path = Assets.xcassets; sourceTree = "<group>"; };
		8BD0E25B260F535F00D21D1D /* Base */ = {isa = PBXFileReference; lastKnownFileType = file.storyboard; name = Base; path = Base.lproj/LaunchScreen.storyboard; sourceTree = "<group>"; };
		8BD0E25D260F535F00D21D1D /* Info.plist */ = {isa = PBXFileReference; lastKnownFileType = text.plist.xml; path = Info.plist; sourceTree = "<group>"; };
		8BD0E262260F535F00D21D1D /* MercadoLibreChallengeTests.xctest */ = {isa = PBXFileReference; explicitFileType = wrapper.cfbundle; includeInIndex = 0; path = MercadoLibreChallengeTests.xctest; sourceTree = BUILT_PRODUCTS_DIR; };
		8BD0E266260F535F00D21D1D /* MercadoLibreChallengeTests.swift */ = {isa = PBXFileReference; lastKnownFileType = sourcecode.swift; path = MercadoLibreChallengeTests.swift; sourceTree = "<group>"; };
		8BD0E268260F535F00D21D1D /* Info.plist */ = {isa = PBXFileReference; lastKnownFileType = text.plist.xml; path = Info.plist; sourceTree = "<group>"; };
		8BD0E26D260F535F00D21D1D /* MercadoLibreChallengeUITests.xctest */ = {isa = PBXFileReference; explicitFileType = wrapper.cfbundle; includeInIndex = 0; path = MercadoLibreChallengeUITests.xctest; sourceTree = BUILT_PRODUCTS_DIR; };
		8BD0E271260F535F00D21D1D /* MercadoLibreChallengeUITests.swift */ = {isa = PBXFileReference; lastKnownFileType = sourcecode.swift; path = MercadoLibreChallengeUITests.swift; sourceTree = "<group>"; };
		8BD0E273260F535F00D21D1D /* Info.plist */ = {isa = PBXFileReference; lastKnownFileType = text.plist.xml; path = Info.plist; sourceTree = "<group>"; };
/* End PBXFileReference section */

/* Begin PBXFrameworksBuildPhase section */
		8BD0E249260F535D00D21D1D /* Frameworks */ = {
			isa = PBXFrameworksBuildPhase;
			buildActionMask = 2147483647;
			files = (
			);
			runOnlyForDeploymentPostprocessing = 0;
		};
		8BD0E25F260F535F00D21D1D /* Frameworks */ = {
			isa = PBXFrameworksBuildPhase;
			buildActionMask = 2147483647;
			files = (
			);
			runOnlyForDeploymentPostprocessing = 0;
		};
		8BD0E26A260F535F00D21D1D /* Frameworks */ = {
			isa = PBXFrameworksBuildPhase;
			buildActionMask = 2147483647;
			files = (
			);
			runOnlyForDeploymentPostprocessing = 0;
		};
/* End PBXFrameworksBuildPhase section */

/* Begin PBXGroup section */
		8BD0E243260F535D00D21D1D = {
			isa = PBXGroup;
			children = (
				8BD0E24E260F535D00D21D1D /* MercadoLibreChallenge */,
				8BD0E265260F535F00D21D1D /* MercadoLibreChallengeTests */,
				8BD0E270260F535F00D21D1D /* MercadoLibreChallengeUITests */,
				8BD0E24D260F535D00D21D1D /* Products */,
			);
			sourceTree = "<group>";
		};
		8BD0E24D260F535D00D21D1D /* Products */ = {
			isa = PBXGroup;
			children = (
				8BD0E24C260F535D00D21D1D /* MercadoLibreChallenge.app */,
				8BD0E262260F535F00D21D1D /* MercadoLibreChallengeTests.xctest */,
				8BD0E26D260F535F00D21D1D /* MercadoLibreChallengeUITests.xctest */,
			);
			name = Products;
			sourceTree = "<group>";
		};
		8BD0E24E260F535D00D21D1D /* MercadoLibreChallenge */ = {
			isa = PBXGroup;
			children = (
				8BD0E24F260F535D00D21D1D /* AppDelegate.swift */,
				8BD0E251260F535D00D21D1D /* SceneDelegate.swift */,
				8BD0E253260F535D00D21D1D /* ViewController.swift */,
				8BD0E255260F535D00D21D1D /* Main.storyboard */,
				8BD0E258260F535F00D21D1D /* Assets.xcassets */,
				8BD0E25A260F535F00D21D1D /* LaunchScreen.storyboard */,
				8BD0E25D260F535F00D21D1D /* Info.plist */,
			);
			path = MercadoLibreChallenge;
			sourceTree = "<group>";
		};
		8BD0E265260F535F00D21D1D /* MercadoLibreChallengeTests */ = {
			isa = PBXGroup;
			children = (
				8BD0E266260F535F00D21D1D /* MercadoLibreChallengeTests.swift */,
				8BD0E268260F535F00D21D1D /* Info.plist */,
			);
			path = MercadoLibreChallengeTests;
			sourceTree = "<group>";
		};
		8BD0E270260F535F00D21D1D /* MercadoLibreChallengeUITests */ = {
			isa = PBXGroup;
			children = (
				8BD0E271260F535F00D21D1D /* MercadoLibreChallengeUITests.swift */,
				8BD0E273260F535F00D21D1D /* Info.plist */,
			);
			path = MercadoLibreChallengeUITests;
			sourceTree = "<group>";
		};
/* End PBXGroup section */

/* Begin PBXNativeTarget section */
		8BD0E24B260F535D00D21D1D /* MercadoLibreChallenge */ = {
			isa = PBXNativeTarget;
			buildConfigurationList = 8BD0E276260F535F00D21D1D /* Build configuration list for PBXNativeTarget "MercadoLibreChallenge" */;
			buildPhases = (
				8BD0E248260F535D00D21D1D /* Sources */,
				8BD0E249260F535D00D21D1D /* Frameworks */,
				8BD0E24A260F535D00D21D1D /* Resources */,
			);
			buildRules = (
			);
			dependencies = (
			);
			name = MercadoLibreChallenge;
			productName = MercadoLibreChallenge;
			productReference = 8BD0E24C260F535D00D21D1D /* MercadoLibreChallenge.app */;
			productType = "com.apple.product-type.application";
		};
		8BD0E261260F535F00D21D1D /* MercadoLibreChallengeTests */ = {
			isa = PBXNativeTarget;
			buildConfigurationList = 8BD0E279260F535F00D21D1D /* Build configuration list for PBXNativeTarget "MercadoLibreChallengeTests" */;
			buildPhases = (
				8BD0E25E260F535F00D21D1D /* Sources */,
				8BD0E25F260F535F00D21D1D /* Frameworks */,
				8BD0E260260F535F00D21D1D /* Resources */,
			);
			buildRules = (
			);
			dependencies = (
				8BD0E264260F535F00D21D1D /* PBXTargetDependency */,
			);
			name = MercadoLibreChallengeTests;
			productName = MercadoLibreChallengeTests;
			productReference = 8BD0E262260F535F00D21D1D /* MercadoLibreChallengeTests.xctest */;
			productType = "com.apple.product-type.bundle.unit-test";
		};
		8BD0E26C260F535F00D21D1D /* MercadoLibreChallengeUITests */ = {
			isa = PBXNativeTarget;
			buildConfigurationList = 8BD0E27C260F535F00D21D1D /* Build configuration list for PBXNativeTarget "MercadoLibreChallengeUITests" */;
			buildPhases = (
				8BD0E269260F535F00D21D1D /* Sources */,
				8BD0E26A260F535F00D21D1D /* Frameworks */,
				8BD0E26B260F535F00D21D1D /* Resources */,
			);
			buildRules = (
			);
			dependencies = (
				8BD0E26F260F535F00D21D1D /* PBXTargetDependency */,
			);
			name = MercadoLibreChallengeUITests;
			productName = MercadoLibreChallengeUITests;
			productReference = 8BD0E26D260F535F00D21D1D /* MercadoLibreChallengeUITests.xctest */;
			productType = "com.apple.product-type.bundle.ui-testing";
		};
/* End PBXNativeTarget section */

/* Begin PBXProject section */
		8BD0E244260F535D00D21D1D /* Project object */ = {
			isa = PBXProject;
			attributes = {
				LastSwiftUpdateCheck = 1240;
				LastUpgradeCheck = 1240;
				TargetAttributes = {
					8BD0E24B260F535D00D21D1D = {
						CreatedOnToolsVersion = 12.4;
					};
					8BD0E261260F535F00D21D1D = {
						CreatedOnToolsVersion = 12.4;
						TestTargetID = 8BD0E24B260F535D00D21D1D;
					};
					8BD0E26C260F535F00D21D1D = {
						CreatedOnToolsVersion = 12.4;
						TestTargetID = 8BD0E24B260F535D00D21D1D;
					};
				};
			};
			buildConfigurationList = 8BD0E247260F535D00D21D1D /* Build configuration list for PBXProject "MercadoLibreChallenge" */;
			compatibilityVersion = "Xcode 9.3";
			developmentRegion = en;
			hasScannedForEncodings = 0;
			knownRegions = (
				en,
				Base,
			);
			mainGroup = 8BD0E243260F535D00D21D1D;
			productRefGroup = 8BD0E24D260F535D00D21D1D /* Products */;
			projectDirPath = "";
			projectRoot = "";
			targets = (
				8BD0E24B260F535D00D21D1D /* MercadoLibreChallenge */,
				8BD0E261260F535F00D21D1D /* MercadoLibreChallengeTests */,
				8BD0E26C260F535F00D21D1D /* MercadoLibreChallengeUITests */,
			);
		};
/* End PBXProject section */

/* Begin PBXResourcesBuildPhase section */
		8BD0E24A260F535D00D21D1D /* Resources */ = {
			isa = PBXResourcesBuildPhase;
			buildActionMask = 2147483647;
			files = (
				8BD0E25C260F535F00D21D1D /* LaunchScreen.storyboard in Resources */,
				8BD0E259260F535F00D21D1D /* Assets.xcassets in Resources */,
				8BD0E257260F535D00D21D1D /* Main.storyboard in Resources */,
			);
			runOnlyForDeploymentPostprocessing = 0;
		};
		8BD0E260260F535F00D21D1D /* Resources */ = {
			isa = PBXResourcesBuildPhase;
			buildActionMask = 2147483647;
			files = (
			);
			runOnlyForDeploymentPostprocessing = 0;
		};
		8BD0E26B260F535F00D21D1D /* Resources */ = {
			isa = PBXResourcesBuildPhase;
			buildActionMask = 2147483647;
			files = (
			);
			runOnlyForDeploymentPostprocessing = 0;
		};
/* End PBXResourcesBuildPhase section */

/* Begin PBXSourcesBuildPhase section */
		8BD0E248260F535D00D21D1D /* Sources */ = {
			isa = PBXSourcesBuildPhase;
			buildActionMask = 2147483647;
			files = (
				8BD0E254260F535D00D21D1D /* ViewController.swift in Sources */,
				8BD0E250260F535D00D21D1D /* AppDelegate.swift in Sources */,
				8BD0E252260F535D00D21D1D /* SceneDelegate.swift in Sources */,
			);
			runOnlyForDeploymentPostprocessing = 0;
		};
		8BD0E25E260F535F00D21D1D /* Sources */ = {
			isa = PBXSourcesBuildPhase;
			buildActionMask = 2147483647;
			files = (
				8BD0E267260F535F00D21D1D /* MercadoLibreChallengeTests.swift in Sources */,
			);
			runOnlyForDeploymentPostprocessing = 0;
		};
		8BD0E269260F535F00D21D1D /* Sources */ = {
			isa = PBXSourcesBuildPhase;
			buildActionMask = 2147483647;
			files = (
				8BD0E272260F535F00D21D1D /* MercadoLibreChallengeUITests.swift in Sources */,
			);
			runOnlyForDeploymentPostprocessing = 0;
		};
/* End PBXSourcesBuildPhase section */

/* Begin PBXTargetDependency section */
		8BD0E264260F535F00D21D1D /* PBXTargetDependency */ = {
			isa = PBXTargetDependency;
			target = 8BD0E24B260F535D00D21D1D /* MercadoLibreChallenge */;
			targetProxy = 8BD0E263260F535F00D21D1D /* PBXContainerItemProxy */;
		};
		8BD0E26F260F535F00D21D1D /* PBXTargetDependency */ = {
			isa = PBXTargetDependency;
			target = 8BD0E24B260F535D00D21D1D /* MercadoLibreChallenge */;
			targetProxy = 8BD0E26E260F535F00D21D1D /* PBXContainerItemProxy */;
		};
/* End PBXTargetDependency section */

/* Begin PBXVariantGroup section */
		8BD0E255260F535D00D21D1D /* Main.storyboard */ = {
			isa = PBXVariantGroup;
			children = (
				8BD0E256260F535D00D21D1D /* Base */,
			);
			name = Main.storyboard;
			sourceTree = "<group>";
		};
		8BD0E25A260F535F00D21D1D /* LaunchScreen.storyboard */ = {
			isa = PBXVariantGroup;
			children = (
				8BD0E25B260F535F00D21D1D /* Base */,
			);
			name = LaunchScreen.storyboard;
			sourceTree = "<group>";
		};
/* End PBXVariantGroup section */

/* Begin XCBuildConfiguration section */
		8BD0E274260F535F00D21D1D /* Debug */ = {
			isa = XCBuildConfiguration;
			buildSettings = {
				ALWAYS_SEARCH_USER_PATHS = NO;
				CLANG_ANALYZER_NONNULL = YES;
				CLANG_ANALYZER_NUMBER_OBJECT_CONVERSION = YES_AGGRESSIVE;
				CLANG_CXX_LANGUAGE_STANDARD = "gnu++14";
				CLANG_CXX_LIBRARY = "libc++";
				CLANG_ENABLE_MODULES = YES;
				CLANG_ENABLE_OBJC_ARC = YES;
				CLANG_ENABLE_OBJC_WEAK = YES;
				CLANG_WARN_BLOCK_CAPTURE_AUTORELEASING = YES;
				CLANG_WARN_BOOL_CONVERSION = YES;
				CLANG_WARN_COMMA = YES;
				CLANG_WARN_CONSTANT_CONVERSION = YES;
				CLANG_WARN_DEPRECATED_OBJC_IMPLEMENTATIONS = YES;
				CLANG_WARN_DIRECT_OBJC_ISA_USAGE = YES_ERROR;
				CLANG_WARN_DOCUMENTATION_COMMENTS = YES;
				CLANG_WARN_EMPTY_BODY = YES;
				CLANG_WARN_ENUM_CONVERSION = YES;
				CLANG_WARN_INFINITE_RECURSION = YES;
				CLANG_WARN_INT_CONVERSION = YES;
				CLANG_WARN_NON_LITERAL_NULL_CONVERSION = YES;
				CLANG_WARN_OBJC_IMPLICIT_RETAIN_SELF = YES;
				CLANG_WARN_OBJC_LITERAL_CONVERSION = YES;
				CLANG_WARN_OBJC_ROOT_CLASS = YES_ERROR;
				CLANG_WARN_QUOTED_INCLUDE_IN_FRAMEWORK_HEADER = YES;
				CLANG_WARN_RANGE_LOOP_ANALYSIS = YES;
				CLANG_WARN_STRICT_PROTOTYPES = YES;
				CLANG_WARN_SUSPICIOUS_MOVE = YES;
				CLANG_WARN_UNGUARDED_AVAILABILITY = YES_AGGRESSIVE;
				CLANG_WARN_UNREACHABLE_CODE = YES;
				CLANG_WARN__DUPLICATE_METHOD_MATCH = YES;
				COPY_PHASE_STRIP = NO;
				DEBUG_INFORMATION_FORMAT = dwarf;
				ENABLE_STRICT_OBJC_MSGSEND = YES;
				ENABLE_TESTABILITY = YES;
				GCC_C_LANGUAGE_STANDARD = gnu11;
				GCC_DYNAMIC_NO_PIC = NO;
				GCC_NO_COMMON_BLOCKS = YES;
				GCC_OPTIMIZATION_LEVEL = 0;
				GCC_PREPROCESSOR_DEFINITIONS = (
					"DEBUG=1",
					"$(inherited)",
				);
				GCC_WARN_64_TO_32_BIT_CONVERSION = YES;
				GCC_WARN_ABOUT_RETURN_TYPE = YES_ERROR;
				GCC_WARN_UNDECLARED_SELECTOR = YES;
				GCC_WARN_UNINITIALIZED_AUTOS = YES_AGGRESSIVE;
				GCC_WARN_UNUSED_FUNCTION = YES;
				GCC_WARN_UNUSED_VARIABLE = YES;
				IPHONEOS_DEPLOYMENT_TARGET = 14.4;
				MTL_ENABLE_DEBUG_INFO = INCLUDE_SOURCE;
				MTL_FAST_MATH = YES;
				ONLY_ACTIVE_ARCH = YES;
				SDKROOT = iphoneos;
				SWIFT_ACTIVE_COMPILATION_CONDITIONS = DEBUG;
				SWIFT_OPTIMIZATION_LEVEL = "-Onone";
			};
			name = Debug;
		};
		8BD0E275260F535F00D21D1D /* Release */ = {
			isa = XCBuildConfiguration;
			buildSettings = {
				ALWAYS_SEARCH_USER_PATHS = NO;
				CLANG_ANALYZER_NONNULL = YES;
				CLANG_ANALYZER_NUMBER_OBJECT_CONVERSION = YES_AGGRESSIVE;
				CLANG_CXX_LANGUAGE_STANDARD = "gnu++14";
				CLANG_CXX_LIBRARY = "libc++";
				CLANG_ENABLE_MODULES = YES;
				CLANG_ENABLE_OBJC_ARC = YES;
				CLANG_ENABLE_OBJC_WEAK = YES;
				CLANG_WARN_BLOCK_CAPTURE_AUTORELEASING = YES;
				CLANG_WARN_BOOL_CONVERSION = YES;
				CLANG_WARN_COMMA = YES;
				CLANG_WARN_CONSTANT_CONVERSION = YES;
				CLANG_WARN_DEPRECATED_OBJC_IMPLEMENTATIONS = YES;
				CLANG_WARN_DIRECT_OBJC_ISA_USAGE = YES_ERROR;
				CLANG_WARN_DOCUMENTATION_COMMENTS = YES;
				CLANG_WARN_EMPTY_BODY = YES;
				CLANG_WARN_ENUM_CONVERSION = YES;
				CLANG_WARN_INFINITE_RECURSION = YES;
				CLANG_WARN_INT_CONVERSION = YES;
				CLANG_WARN_NON_LITERAL_NULL_CONVERSION = YES;
				CLANG_WARN_OBJC_IMPLICIT_RETAIN_SELF = YES;
				CLANG_WARN_OBJC_LITERAL_CONVERSION = YES;
				CLANG_WARN_OBJC_ROOT_CLASS = YES_ERROR;
				CLANG_WARN_QUOTED_INCLUDE_IN_FRAMEWORK_HEADER = YES;
				CLANG_WARN_RANGE_LOOP_ANALYSIS = YES;
				CLANG_WARN_STRICT_PROTOTYPES = YES;
				CLANG_WARN_SUSPICIOUS_MOVE = YES;
				CLANG_WARN_UNGUARDED_AVAILABILITY = YES_AGGRESSIVE;
				CLANG_WARN_UNREACHABLE_CODE = YES;
				CLANG_WARN__DUPLICATE_METHOD_MATCH = YES;
				COPY_PHASE_STRIP = NO;
				DEBUG_INFORMATION_FORMAT = "dwarf-with-dsym";
				ENABLE_NS_ASSERTIONS = NO;
				ENABLE_STRICT_OBJC_MSGSEND = YES;
				GCC_C_LANGUAGE_STANDARD = gnu11;
				GCC_NO_COMMON_BLOCKS = YES;
				GCC_WARN_64_TO_32_BIT_CONVERSION = YES;
				GCC_WARN_ABOUT_RETURN_TYPE = YES_ERROR;
				GCC_WARN_UNDECLARED_SELECTOR = YES;
				GCC_WARN_UNINITIALIZED_AUTOS = YES_AGGRESSIVE;
				GCC_WARN_UNUSED_FUNCTION = YES;
				GCC_WARN_UNUSED_VARIABLE = YES;
				IPHONEOS_DEPLOYMENT_TARGET = 14.4;
				MTL_ENABLE_DEBUG_INFO = NO;
				MTL_FAST_MATH = YES;
				SDKROOT = iphoneos;
				SWIFT_COMPILATION_MODE = wholemodule;
				SWIFT_OPTIMIZATION_LEVEL = "-O";
				VALIDATE_PRODUCT = YES;
			};
			name = Release;
		};
		8BD0E277260F535F00D21D1D /* Debug */ = {
			isa = XCBuildConfiguration;
			buildSettings = {
				ASSETCATALOG_COMPILER_APPICON_NAME = AppIcon;
				ASSETCATALOG_COMPILER_GLOBAL_ACCENT_COLOR_NAME = AccentColor;
				CODE_SIGN_STYLE = Automatic;
				DEVELOPMENT_TEAM = 5Y3748E7BV;
				INFOPLIST_FILE = MercadoLibreChallenge/Info.plist;
				LD_RUNPATH_SEARCH_PATHS = (
					"$(inherited)",
					"@executable_path/Frameworks",
				);
				PRODUCT_BUNDLE_IDENTIFIER = co.com.mariorv.MercadoLibreChallenge;
				PRODUCT_NAME = "$(TARGET_NAME)";
				SWIFT_VERSION = 5.0;
				TARGETED_DEVICE_FAMILY = "1,2";
			};
			name = Debug;
		};
		8BD0E278260F535F00D21D1D /* Release */ = {
			isa = XCBuildConfiguration;
			buildSettings = {
				ASSETCATALOG_COMPILER_APPICON_NAME = AppIcon;
				ASSETCATALOG_COMPILER_GLOBAL_ACCENT_COLOR_NAME = AccentColor;
				CODE_SIGN_STYLE = Automatic;
				DEVELOPMENT_TEAM = 5Y3748E7BV;
				INFOPLIST_FILE = MercadoLibreChallenge/Info.plist;
				LD_RUNPATH_SEARCH_PATHS = (
					"$(inherited)",
					"@executable_path/Frameworks",
				);
				PRODUCT_BUNDLE_IDENTIFIER = co.com.mariorv.MercadoLibreChallenge;
				PRODUCT_NAME = "$(TARGET_NAME)";
				SWIFT_VERSION = 5.0;
				TARGETED_DEVICE_FAMILY = "1,2";
			};
			name = Release;
		};
		8BD0E27A260F535F00D21D1D /* Debug */ = {
			isa = XCBuildConfiguration;
			buildSettings = {
				ALWAYS_EMBED_SWIFT_STANDARD_LIBRARIES = YES;
				BUNDLE_LOADER = "$(TEST_HOST)";
				CODE_SIGN_STYLE = Automatic;
				DEVELOPMENT_TEAM = 5Y3748E7BV;
				INFOPLIST_FILE = MercadoLibreChallengeTests/Info.plist;
				IPHONEOS_DEPLOYMENT_TARGET = 14.4;
				LD_RUNPATH_SEARCH_PATHS = (
					"$(inherited)",
					"@executable_path/Frameworks",
					"@loader_path/Frameworks",
				);
				PRODUCT_BUNDLE_IDENTIFIER = co.com.mariorv.MercadoLibreChallengeTests;
				PRODUCT_NAME = "$(TARGET_NAME)";
				SWIFT_VERSION = 5.0;
				TARGETED_DEVICE_FAMILY = "1,2";
				TEST_HOST = "$(BUILT_PRODUCTS_DIR)/MercadoLibreChallenge.app/MercadoLibreChallenge";
			};
			name = Debug;
		};
		8BD0E27B260F535F00D21D1D /* Release */ = {
			isa = XCBuildConfiguration;
			buildSettings = {
				ALWAYS_EMBED_SWIFT_STANDARD_LIBRARIES = YES;
				BUNDLE_LOADER = "$(TEST_HOST)";
				CODE_SIGN_STYLE = Automatic;
				DEVELOPMENT_TEAM = 5Y3748E7BV;
				INFOPLIST_FILE = MercadoLibreChallengeTests/Info.plist;
				IPHONEOS_DEPLOYMENT_TARGET = 14.4;
				LD_RUNPATH_SEARCH_PATHS = (
					"$(inherited)",
					"@executable_path/Frameworks",
					"@loader_path/Frameworks",
				);
				PRODUCT_BUNDLE_IDENTIFIER = co.com.mariorv.MercadoLibreChallengeTests;
				PRODUCT_NAME = "$(TARGET_NAME)";
				SWIFT_VERSION = 5.0;
				TARGETED_DEVICE_FAMILY = "1,2";
				TEST_HOST = "$(BUILT_PRODUCTS_DIR)/MercadoLibreChallenge.app/MercadoLibreChallenge";
			};
			name = Release;
		};
		8BD0E27D260F535F00D21D1D /* Debug */ = {
			isa = XCBuildConfiguration;
			buildSettings = {
				ALWAYS_EMBED_SWIFT_STANDARD_LIBRARIES = YES;
				CODE_SIGN_STYLE = Automatic;
				DEVELOPMENT_TEAM = 5Y3748E7BV;
				INFOPLIST_FILE = MercadoLibreChallengeUITests/Info.plist;
				LD_RUNPATH_SEARCH_PATHS = (
					"$(inherited)",
					"@executable_path/Frameworks",
					"@loader_path/Frameworks",
				);
				PRODUCT_BUNDLE_IDENTIFIER = co.com.mariorv.MercadoLibreChallengeUITests;
				PRODUCT_NAME = "$(TARGET_NAME)";
				SWIFT_VERSION = 5.0;
				TARGETED_DEVICE_FAMILY = "1,2";
				TEST_TARGET_NAME = MercadoLibreChallenge;
			};
			name = Debug;
		};
		8BD0E27E260F535F00D21D1D /* Release */ = {
			isa = XCBuildConfiguration;
			buildSettings = {
				ALWAYS_EMBED_SWIFT_STANDARD_LIBRARIES = YES;
				CODE_SIGN_STYLE = Automatic;
				DEVELOPMENT_TEAM = 5Y3748E7BV;
				INFOPLIST_FILE = MercadoLibreChallengeUITests/Info.plist;
				LD_RUNPATH_SEARCH_PATHS = (
					"$(inherited)",
					"@executable_path/Frameworks",
					"@loader_path/Frameworks",
				);
				PRODUCT_BUNDLE_IDENTIFIER = co.com.mariorv.MercadoLibreChallengeUITests;
				PRODUCT_NAME = "$(TARGET_NAME)";
				SWIFT_VERSION = 5.0;
				TARGETED_DEVICE_FAMILY = "1,2";
				TEST_TARGET_NAME = MercadoLibreChallenge;
			};
			name = Release;
		};
/* End XCBuildConfiguration section */

/* Begin XCConfigurationList section */
		8BD0E247260F535D00D21D1D /* Build configuration list for PBXProject "MercadoLibreChallenge" */ = {
			isa = XCConfigurationList;
			buildConfigurations = (
				8BD0E274260F535F00D21D1D /* Debug */,
				8BD0E275260F535F00D21D1D /* Release */,
			);
			defaultConfigurationIsVisible = 0;
			defaultConfigurationName = Release;
		};
		8BD0E276260F535F00D21D1D /* Build configuration list for PBXNativeTarget "MercadoLibreChallenge" */ = {
			isa = XCConfigurationList;
			buildConfigurations = (
				8BD0E277260F535F00D21D1D /* Debug */,
				8BD0E278260F535F00D21D1D /* Release */,
			);
			defaultConfigurationIsVisible = 0;
			defaultConfigurationName = Release;
		};
		8BD0E279260F535F00D21D1D /* Build configuration list for PBXNativeTarget "MercadoLibreChallengeTests" */ = {
			isa = XCConfigurationList;
			buildConfigurations = (
				8BD0E27A260F535F00D21D1D /* Debug */,
				8BD0E27B260F535F00D21D1D /* Release */,
			);
			defaultConfigurationIsVisible = 0;
			defaultConfigurationName = Release;
		};
		8BD0E27C260F535F00D21D1D /* Build configuration list for PBXNativeTarget "MercadoLibreChallengeUITests" */ = {
			isa = XCConfigurationList;
			buildConfigurations = (
				8BD0E27D260F535F00D21D1D /* Debug */,
				8BD0E27E260F535F00D21D1D /* Release */,
			);
			defaultConfigurationIsVisible = 0;
			defaultConfigurationName = Release;
		};
/* End XCConfigurationList section */
	};
	rootObject = 8BD0E244260F535D00D21D1D /* Project object */;
}
