// !$*UTF8*$!
{
	archiveVersion = 1;
	classes = {
	};
	objectVersion = 51;
	objects = {

/* Begin PBXBuildFile section */
		436C422E179191F71BC912D0 /* Pods_MercadoLibreChallenge_MercadoLibreChallengeUITests.framework in Frameworks */ = {isa = PBXBuildFile; fileRef = 4058046AE4CC7658044BBF35 /* Pods_MercadoLibreChallenge_MercadoLibreChallengeUITests.framework */; };
		4C6D023A104B905D12B21EB4 /* Pods_MercadoLibreChallengeTests.framework in Frameworks */ = {isa = PBXBuildFile; fileRef = 4AF1C1AE0758C65E17EDBE20 /* Pods_MercadoLibreChallengeTests.framework */; };
		806B2C1380906CE485B4EA8A /* Pods_MercadoLibreChallenge.framework in Frameworks */ = {isa = PBXBuildFile; fileRef = 7CE230C80D5834D4CC684D73 /* Pods_MercadoLibreChallenge.framework */; };
		8B838A772613EF81006011E2 /* DetailSellerCell.swift in Sources */ = {isa = PBXBuildFile; fileRef = 8B838A762613EF81006011E2 /* DetailSellerCell.swift */; };
		8B838A7C2613EFB9006011E2 /* DetailSellerCellViewModel.swift in Sources */ = {isa = PBXBuildFile; fileRef = 8B838A7B2613EFB9006011E2 /* DetailSellerCellViewModel.swift */; };
		8B838AA126141FB9006011E2 /* SearchDetailFooterView.swift in Sources */ = {isa = PBXBuildFile; fileRef = 8B838AA026141FB9006011E2 /* SearchDetailFooterView.swift */; };
		8BD0E250260F535D00D21D1D /* AppDelegate.swift in Sources */ = {isa = PBXBuildFile; fileRef = 8BD0E24F260F535D00D21D1D /* AppDelegate.swift */; };
		8BD0E252260F535D00D21D1D /* SceneDelegate.swift in Sources */ = {isa = PBXBuildFile; fileRef = 8BD0E251260F535D00D21D1D /* SceneDelegate.swift */; };
		8BD0E254260F535D00D21D1D /* ViewController.swift in Sources */ = {isa = PBXBuildFile; fileRef = 8BD0E253260F535D00D21D1D /* ViewController.swift */; };
		8BD0E259260F535F00D21D1D /* Assets.xcassets in Resources */ = {isa = PBXBuildFile; fileRef = 8BD0E258260F535F00D21D1D /* Assets.xcassets */; };
		8BD0E25C260F535F00D21D1D /* LaunchScreen.storyboard in Resources */ = {isa = PBXBuildFile; fileRef = 8BD0E25A260F535F00D21D1D /* LaunchScreen.storyboard */; };
		8BD0E267260F535F00D21D1D /* MercadoLibreChallengeTests.swift in Sources */ = {isa = PBXBuildFile; fileRef = 8BD0E266260F535F00D21D1D /* MercadoLibreChallengeTests.swift */; };
		8BD0E272260F535F00D21D1D /* MercadoLibreChallengeUITests.swift in Sources */ = {isa = PBXBuildFile; fileRef = 8BD0E271260F535F00D21D1D /* MercadoLibreChallengeUITests.swift */; };
		8BD0E2B4260F53A300D21D1D /* ApplicationCoordinator.swift in Sources */ = {isa = PBXBuildFile; fileRef = 8BD0E297260F53A300D21D1D /* ApplicationCoordinator.swift */; };
		8BD0E2B5260F53A300D21D1D /* DeepLinkOption.swift in Sources */ = {isa = PBXBuildFile; fileRef = 8BD0E29A260F53A300D21D1D /* DeepLinkOption.swift */; };
		8BD0E2B6260F53A300D21D1D /* LaunchInstructor.swift in Sources */ = {isa = PBXBuildFile; fileRef = 8BD0E29B260F53A300D21D1D /* LaunchInstructor.swift */; };
		8BD0E2B8260F53A300D21D1D /* CoordinatorOutput.swift in Sources */ = {isa = PBXBuildFile; fileRef = 8BD0E29F260F53A300D21D1D /* CoordinatorOutput.swift */; };
		8BD0E2B9260F53A300D21D1D /* BaseViewControllerProtocol.swift in Sources */ = {isa = PBXBuildFile; fileRef = 8BD0E2A0260F53A300D21D1D /* BaseViewControllerProtocol.swift */; };
		8BD0E2BA260F53A300D21D1D /* Presentable.swift in Sources */ = {isa = PBXBuildFile; fileRef = 8BD0E2A1260F53A300D21D1D /* Presentable.swift */; };
		8BD0E2BB260F53A300D21D1D /* Coordinator.swift in Sources */ = {isa = PBXBuildFile; fileRef = 8BD0E2A2260F53A300D21D1D /* Coordinator.swift */; };
		8BD0E2BC260F53A300D21D1D /* BaseCoordinator.swift in Sources */ = {isa = PBXBuildFile; fileRef = 8BD0E2A4260F53A300D21D1D /* BaseCoordinator.swift */; };
		8BD0E2BD260F53A300D21D1D /* Router.swift in Sources */ = {isa = PBXBuildFile; fileRef = 8BD0E2A6260F53A300D21D1D /* Router.swift */; };
		8BD0E2C9260F543300D21D1D /* Container+ViewModels.swift in Sources */ = {isa = PBXBuildFile; fileRef = 8BD0E2C4260F543300D21D1D /* Container+ViewModels.swift */; };
		8BD0E2CA260F543300D21D1D /* Container+Services.swift in Sources */ = {isa = PBXBuildFile; fileRef = 8BD0E2C5260F543300D21D1D /* Container+Services.swift */; };
		8BD0E2CB260F543300D21D1D /* Container+RegisterDependencies.swift in Sources */ = {isa = PBXBuildFile; fileRef = 8BD0E2C6260F543300D21D1D /* Container+RegisterDependencies.swift */; };
		8BD0E2DB260F5C0300D21D1D /* EndPointType.swift in Sources */ = {isa = PBXBuildFile; fileRef = 8BD0E2DA260F5C0300D21D1D /* EndPointType.swift */; };
		8BD0E2EB260F5CBD00D21D1D /* ParameterEncoding.swift in Sources */ = {isa = PBXBuildFile; fileRef = 8BD0E2EA260F5CBD00D21D1D /* ParameterEncoding.swift */; };
		8BD0E2F0260F5CEC00D21D1D /* RequestItems.swift in Sources */ = {isa = PBXBuildFile; fileRef = 8BD0E2EF260F5CEC00D21D1D /* RequestItems.swift */; };
		8BD0E2F6260F5D2E00D21D1D /* ApiManager.swift in Sources */ = {isa = PBXBuildFile; fileRef = 8BD0E2F5260F5D2E00D21D1D /* ApiManager.swift */; };
		8BD0E2FE260F605400D21D1D /* ApiManagerRetrier.swift in Sources */ = {isa = PBXBuildFile; fileRef = 8BD0E2FD260F605400D21D1D /* ApiManagerRetrier.swift */; };
		8BD0E304260F617700D21D1D /* ItemServices.swift in Sources */ = {isa = PBXBuildFile; fileRef = 8BD0E303260F617700D21D1D /* ItemServices.swift */; };
		8BD0E30D260F624500D21D1D /* UserServices.swift in Sources */ = {isa = PBXBuildFile; fileRef = 8BD0E30C260F624500D21D1D /* UserServices.swift */; };
		8BD0E314260F630600D21D1D /* Dynamic.swift in Sources */ = {isa = PBXBuildFile; fileRef = 8BD0E313260F630600D21D1D /* Dynamic.swift */; };
		8BD0E31C260F632E00D21D1D /* DynamicArray.swift in Sources */ = {isa = PBXBuildFile; fileRef = 8BD0E31B260F632E00D21D1D /* DynamicArray.swift */; };
		8BD0E321260F634700D21D1D /* DynamicAsync.swift in Sources */ = {isa = PBXBuildFile; fileRef = 8BD0E320260F634700D21D1D /* DynamicAsync.swift */; };
		8BD0E327260F750A00D21D1D /* SearchViewModel.swift in Sources */ = {isa = PBXBuildFile; fileRef = 8BD0E326260F750A00D21D1D /* SearchViewModel.swift */; };
		8BD0E32C260F752000D21D1D /* SearchViewController.swift in Sources */ = {isa = PBXBuildFile; fileRef = 8BD0E32B260F752000D21D1D /* SearchViewController.swift */; };
		8BD0E336260F7B5E00D21D1D /* Container+Coordinators.swift in Sources */ = {isa = PBXBuildFile; fileRef = 8BD0E335260F7B5E00D21D1D /* Container+Coordinators.swift */; };
		8BD0E33C260F7F5D00D21D1D /* CoordinatorFactory.swift in Sources */ = {isa = PBXBuildFile; fileRef = 8BD0E33B260F7F5D00D21D1D /* CoordinatorFactory.swift */; };
		8BD0E344260F800900D21D1D /* ViewControllerFactory.swift in Sources */ = {isa = PBXBuildFile; fileRef = 8BD0E343260F800900D21D1D /* ViewControllerFactory.swift */; };
		8BD0E349260F830A00D21D1D /* Container+Router.swift in Sources */ = {isa = PBXBuildFile; fileRef = 8BD0E348260F830A00D21D1D /* Container+Router.swift */; };
		8BD0E34E260F852300D21D1D /* Container+ViewControlllers.swift in Sources */ = {isa = PBXBuildFile; fileRef = 8BD0E34D260F852300D21D1D /* Container+ViewControlllers.swift */; };
		8BD0E353260FC4AC00D21D1D /* SearchCoordinator.swift in Sources */ = {isa = PBXBuildFile; fileRef = 8BD0E352260FC4AC00D21D1D /* SearchCoordinator.swift */; };
		8BD0E35E260FCC3100D21D1D /* Container+Networking.swift in Sources */ = {isa = PBXBuildFile; fileRef = 8BD0E35D260FCC3100D21D1D /* Container+Networking.swift */; };
		8BD0E38A260FFCB000D21D1D /* Localizable.strings in Resources */ = {isa = PBXBuildFile; fileRef = 8BD0E38C260FFCB000D21D1D /* Localizable.strings */; };
		8BD0E395260FFF3F00D21D1D /* StringExtension.swift in Sources */ = {isa = PBXBuildFile; fileRef = 8BD0E394260FFF3F00D21D1D /* StringExtension.swift */; };
		8BD0E3C72610960100D21D1D /* Path_from_root.swift in Sources */ = {isa = PBXBuildFile; fileRef = 8BD0E3A8261095FF00D21D1D /* Path_from_root.swift */; };
		8BD0E3C82610960100D21D1D /* Country.swift in Sources */ = {isa = PBXBuildFile; fileRef = 8BD0E3A9261095FF00D21D1D /* Country.swift */; };
		8BD0E3C92610960100D21D1D /* Address.swift in Sources */ = {isa = PBXBuildFile; fileRef = 8BD0E3AA261095FF00D21D1D /* Address.swift */; };
		8BD0E3CA2610960100D21D1D /* Cancellations.swift in Sources */ = {isa = PBXBuildFile; fileRef = 8BD0E3AB261095FF00D21D1D /* Cancellations.swift */; };
		8BD0E3CB2610960100D21D1D /* SearchResult.swift in Sources */ = {isa = PBXBuildFile; fileRef = 8BD0E3AC261095FF00D21D1D /* SearchResult.swift */; };
		8BD0E3CC2610960100D21D1D /* Filters.swift in Sources */ = {isa = PBXBuildFile; fileRef = 8BD0E3AD261095FF00D21D1D /* Filters.swift */; };
		8BD0E3CD2610960100D21D1D /* Seller_reputation.swift in Sources */ = {isa = PBXBuildFile; fileRef = 8BD0E3AE261095FF00D21D1D /* Seller_reputation.swift */; };
		8BD0E3CE2610960100D21D1D /* Installments.swift in Sources */ = {isa = PBXBuildFile; fileRef = 8BD0E3AF261095FF00D21D1D /* Installments.swift */; };
		8BD0E3CF2610960100D21D1D /* Conditions.swift in Sources */ = {isa = PBXBuildFile; fileRef = 8BD0E3B0261095FF00D21D1D /* Conditions.swift */; };
		8BD0E3D02610960100D21D1D /* Metrics.swift in Sources */ = {isa = PBXBuildFile; fileRef = 8BD0E3B12610960000D21D1D /* Metrics.swift */; };
		8BD0E3D12610960100D21D1D /* State.swift in Sources */ = {isa = PBXBuildFile; fileRef = 8BD0E3B22610960000D21D1D /* State.swift */; };
		8BD0E3D22610960100D21D1D /* Transactions.swift in Sources */ = {isa = PBXBuildFile; fileRef = 8BD0E3B32610960000D21D1D /* Transactions.swift */; };
		8BD0E3D32610960100D21D1D /* Available_filters.swift in Sources */ = {isa = PBXBuildFile; fileRef = 8BD0E3B42610960000D21D1D /* Available_filters.swift */; };
		8BD0E3D42610960100D21D1D /* Attributes.swift in Sources */ = {isa = PBXBuildFile; fileRef = 8BD0E3B52610960000D21D1D /* Attributes.swift */; };
		8BD0E3D52610960100D21D1D /* Sales.swift in Sources */ = {isa = PBXBuildFile; fileRef = 8BD0E3B62610960000D21D1D /* Sales.swift */; };
		8BD0E3D62610960100D21D1D /* Shipping.swift in Sources */ = {isa = PBXBuildFile; fileRef = 8BD0E3B72610960000D21D1D /* Shipping.swift */; };
		8BD0E3D72610960100D21D1D /* Available_sorts.swift in Sources */ = {isa = PBXBuildFile; fileRef = 8BD0E3B82610960000D21D1D /* Available_sorts.swift */; };
		8BD0E3D82610960100D21D1D /* Prices.swift in Sources */ = {isa = PBXBuildFile; fileRef = 8BD0E3B92610960000D21D1D /* Prices.swift */; };
		8BD0E3D92610960100D21D1D /* Seller.swift in Sources */ = {isa = PBXBuildFile; fileRef = 8BD0E3BA2610960000D21D1D /* Seller.swift */; };
		8BD0E3DA2610960100D21D1D /* Values.swift in Sources */ = {isa = PBXBuildFile; fileRef = 8BD0E3BB2610960000D21D1D /* Values.swift */; };
		8BD0E3DB2610960100D21D1D /* Claims.swift in Sources */ = {isa = PBXBuildFile; fileRef = 8BD0E3BC2610960100D21D1D /* Claims.swift */; };
		8BD0E3DC2610960100D21D1D /* Paging.swift in Sources */ = {isa = PBXBuildFile; fileRef = 8BD0E3BD2610960100D21D1D /* Paging.swift */; };
		8BD0E3DD2610960100D21D1D /* Metadata.swift in Sources */ = {isa = PBXBuildFile; fileRef = 8BD0E3BE2610960100D21D1D /* Metadata.swift */; };
		8BD0E3DE2610960100D21D1D /* Ratings.swift in Sources */ = {isa = PBXBuildFile; fileRef = 8BD0E3BF2610960100D21D1D /* Ratings.swift */; };
		8BD0E3DF2610960100D21D1D /* Seller_address.swift in Sources */ = {isa = PBXBuildFile; fileRef = 8BD0E3C02610960100D21D1D /* Seller_address.swift */; };
		8BD0E3E02610960100D21D1D /* Results.swift in Sources */ = {isa = PBXBuildFile; fileRef = 8BD0E3C12610960100D21D1D /* Results.swift */; };
		8BD0E3E12610960100D21D1D /* City.swift in Sources */ = {isa = PBXBuildFile; fileRef = 8BD0E3C22610960100D21D1D /* City.swift */; };
		8BD0E3E22610960100D21D1D /* Sort.swift in Sources */ = {isa = PBXBuildFile; fileRef = 8BD0E3C32610960100D21D1D /* Sort.swift */; };
		8BD0E3E32610960100D21D1D /* Delayed_handling_time.swift in Sources */ = {isa = PBXBuildFile; fileRef = 8BD0E3C42610960100D21D1D /* Delayed_handling_time.swift */; };
		8BD0E3E42610960100D21D1D /* Eshop.swift in Sources */ = {isa = PBXBuildFile; fileRef = 8BD0E3C52610960100D21D1D /* Eshop.swift */; };
		8BD0E3E52610960100D21D1D /* Presentation.swift in Sources */ = {isa = PBXBuildFile; fileRef = 8BD0E3C62610960100D21D1D /* Presentation.swift */; };
		8BD0E3EE2610969200D21D1D /* NetworkError.swift in Sources */ = {isa = PBXBuildFile; fileRef = 8BD0E3EC2610969100D21D1D /* NetworkError.swift */; };
		8BD0E3EF2610969200D21D1D /* AlertMessage.swift in Sources */ = {isa = PBXBuildFile; fileRef = 8BD0E3ED2610969200D21D1D /* AlertMessage.swift */; };
		8BD0E3F4261098E700D21D1D /* Value_struct.swift in Sources */ = {isa = PBXBuildFile; fileRef = 8BD0E3F3261098E700D21D1D /* Value_struct.swift */; };
		8BD0E3FB26109C0E00D21D1D /* BaseViewModel.swift in Sources */ = {isa = PBXBuildFile; fileRef = 8BD0E3FA26109C0E00D21D1D /* BaseViewModel.swift */; };
		8BD0E40126109F6A00D21D1D /* UIViewControllerExtensions.swift in Sources */ = {isa = PBXBuildFile; fileRef = 8BD0E40026109F6A00D21D1D /* UIViewControllerExtensions.swift */; };
		8BD0E4192610A47100D21D1D /* SearchViewCell.swift in Sources */ = {isa = PBXBuildFile; fileRef = 8BD0E4182610A47100D21D1D /* SearchViewCell.swift */; };
		8BD0E41E2610A94800D21D1D /* FontBuilder.swift in Sources */ = {isa = PBXBuildFile; fileRef = 8BD0E41D2610A94800D21D1D /* FontBuilder.swift */; };
		8BD0E42D2610BD8200D21D1D /* SearchViewCellViewModel.swift in Sources */ = {isa = PBXBuildFile; fileRef = 8BD0E42C2610BD8200D21D1D /* SearchViewCellViewModel.swift */; };
		8BD0E4322610BDD700D21D1D /* CellViewModel.swift in Sources */ = {isa = PBXBuildFile; fileRef = 8BD0E4312610BDD700D21D1D /* CellViewModel.swift */; };
		8BD0E44C2610D6F800D21D1D /* CellConfigurable.swift in Sources */ = {isa = PBXBuildFile; fileRef = 8BD0E44B2610D6F800D21D1D /* CellConfigurable.swift */; };
		8BD0E4512610D81A00D21D1D /* UITableViewCellExtensions.swift in Sources */ = {isa = PBXBuildFile; fileRef = 8BD0E4502610D81A00D21D1D /* UITableViewCellExtensions.swift */; };
		8BD0E460261124B000D21D1D /* BebasNeue-Bold.otf in Resources */ = {isa = PBXBuildFile; fileRef = 8BD0E4282610A9AF00D21D1D /* BebasNeue-Bold.otf */; };
		8BD0E464261124B200D21D1D /* BebasNeue-Regular.otf in Resources */ = {isa = PBXBuildFile; fileRef = 8BD0E4252610A9AE00D21D1D /* BebasNeue-Regular.otf */; };
		8BD0E468261124B500D21D1D /* Nexa-Bold.otf in Resources */ = {isa = PBXBuildFile; fileRef = 8BD0E4272610A9AF00D21D1D /* Nexa-Bold.otf */; };
		8BD0E46C261124B700D21D1D /* Nexa-Light.otf in Resources */ = {isa = PBXBuildFile; fileRef = 8BD0E4222610A9AE00D21D1D /* Nexa-Light.otf */; };
		8BD0E470261124BA00D21D1D /* Poppins-Medium.otf in Resources */ = {isa = PBXBuildFile; fileRef = 8BD0E4262610A9AE00D21D1D /* Poppins-Medium.otf */; };
		8BD0E474261124BC00D21D1D /* Poppins-Regular.otf in Resources */ = {isa = PBXBuildFile; fileRef = 8BD0E4232610A9AE00D21D1D /* Poppins-Regular.otf */; };
		8BD0E478261124BE00D21D1D /* Poppins-SemiBold.otf in Resources */ = {isa = PBXBuildFile; fileRef = 8BD0E4242610A9AE00D21D1D /* Poppins-SemiBold.otf */; };
		8BD0E47E2611333000D21D1D /* SearchDetailViewController.swift in Sources */ = {isa = PBXBuildFile; fileRef = 8BD0E47D2611333000D21D1D /* SearchDetailViewController.swift */; };
		8BD0E4862611334400D21D1D /* SearchDetailViewModel.swift in Sources */ = {isa = PBXBuildFile; fileRef = 8BD0E4852611334400D21D1D /* SearchDetailViewModel.swift */; };
		8BD0E48B2611F98800D21D1D /* DetailImageCell.swift in Sources */ = {isa = PBXBuildFile; fileRef = 8BD0E48A2611F98800D21D1D /* DetailImageCell.swift */; };
		8BD0E4902611F9D600D21D1D /* DetailImageCellViewModel.swift in Sources */ = {isa = PBXBuildFile; fileRef = 8BD0E48F2611F9D600D21D1D /* DetailImageCellViewModel.swift */; };
		8BD0E4952613EBFA00D21D1D /* DetailPriceCell.swift in Sources */ = {isa = PBXBuildFile; fileRef = 8BD0E4942613EBFA00D21D1D /* DetailPriceCell.swift */; };
		8BD0E49A2613EC6B00D21D1D /* DetailPriceCellViewModel.swift in Sources */ = {isa = PBXBuildFile; fileRef = 8BD0E4992613EC6B00D21D1D /* DetailPriceCellViewModel.swift */; };
/* End PBXBuildFile section */

/* Begin PBXContainerItemProxy section */
		8BD0E263260F535F00D21D1D /* PBXContainerItemProxy */ = {
			isa = PBXContainerItemProxy;
			containerPortal = 8BD0E244260F535D00D21D1D /* Project object */;
			proxyType = 1;
			remoteGlobalIDString = 8BD0E24B260F535D00D21D1D;
			remoteInfo = MercadoLibreChallenge;
		};
		8BD0E26E260F535F00D21D1D /* PBXContainerItemProxy */ = {
			isa = PBXContainerItemProxy;
			containerPortal = 8BD0E244260F535D00D21D1D /* Project object */;
			proxyType = 1;
			remoteGlobalIDString = 8BD0E24B260F535D00D21D1D;
			remoteInfo = MercadoLibreChallenge;
		};
/* End PBXContainerItemProxy section */

/* Begin PBXFileReference section */
		37BDD4B23C65ECED4727ABB0 /* Pods-MercadoLibreChallenge-MercadoLibreChallengeUITests.debug.xcconfig */ = {isa = PBXFileReference; includeInIndex = 1; lastKnownFileType = text.xcconfig; name = "Pods-MercadoLibreChallenge-MercadoLibreChallengeUITests.debug.xcconfig"; path = "Target Support Files/Pods-MercadoLibreChallenge-MercadoLibreChallengeUITests/Pods-MercadoLibreChallenge-MercadoLibreChallengeUITests.debug.xcconfig"; sourceTree = "<group>"; };
		4058046AE4CC7658044BBF35 /* Pods_MercadoLibreChallenge_MercadoLibreChallengeUITests.framework */ = {isa = PBXFileReference; explicitFileType = wrapper.framework; includeInIndex = 0; path = Pods_MercadoLibreChallenge_MercadoLibreChallengeUITests.framework; sourceTree = BUILT_PRODUCTS_DIR; };
		4AF1C1AE0758C65E17EDBE20 /* Pods_MercadoLibreChallengeTests.framework */ = {isa = PBXFileReference; explicitFileType = wrapper.framework; includeInIndex = 0; path = Pods_MercadoLibreChallengeTests.framework; sourceTree = BUILT_PRODUCTS_DIR; };
		5ADF912C641BDCC4C26BEDA2 /* Pods-MercadoLibreChallengeTests.release.xcconfig */ = {isa = PBXFileReference; includeInIndex = 1; lastKnownFileType = text.xcconfig; name = "Pods-MercadoLibreChallengeTests.release.xcconfig"; path = "Target Support Files/Pods-MercadoLibreChallengeTests/Pods-MercadoLibreChallengeTests.release.xcconfig"; sourceTree = "<group>"; };
		5CBC9119D6D275D997497335 /* Pods-MercadoLibreChallenge.release.xcconfig */ = {isa = PBXFileReference; includeInIndex = 1; lastKnownFileType = text.xcconfig; name = "Pods-MercadoLibreChallenge.release.xcconfig"; path = "Target Support Files/Pods-MercadoLibreChallenge/Pods-MercadoLibreChallenge.release.xcconfig"; sourceTree = "<group>"; };
		5E382F16F2926B7CF145A896 /* Pods-MercadoLibreChallenge.debug.xcconfig */ = {isa = PBXFileReference; includeInIndex = 1; lastKnownFileType = text.xcconfig; name = "Pods-MercadoLibreChallenge.debug.xcconfig"; path = "Target Support Files/Pods-MercadoLibreChallenge/Pods-MercadoLibreChallenge.debug.xcconfig"; sourceTree = "<group>"; };
		7CE230C80D5834D4CC684D73 /* Pods_MercadoLibreChallenge.framework */ = {isa = PBXFileReference; explicitFileType = wrapper.framework; includeInIndex = 0; path = Pods_MercadoLibreChallenge.framework; sourceTree = BUILT_PRODUCTS_DIR; };
		7F6135A940750C83E66B5CE2 /* Pods-MercadoLibreChallengeTests.debug.xcconfig */ = {isa = PBXFileReference; includeInIndex = 1; lastKnownFileType = text.xcconfig; name = "Pods-MercadoLibreChallengeTests.debug.xcconfig"; path = "Target Support Files/Pods-MercadoLibreChallengeTests/Pods-MercadoLibreChallengeTests.debug.xcconfig"; sourceTree = "<group>"; };
		8B838A762613EF81006011E2 /* DetailSellerCell.swift */ = {isa = PBXFileReference; lastKnownFileType = sourcecode.swift; path = DetailSellerCell.swift; sourceTree = "<group>"; };
		8B838A7B2613EFB9006011E2 /* DetailSellerCellViewModel.swift */ = {isa = PBXFileReference; lastKnownFileType = sourcecode.swift; path = DetailSellerCellViewModel.swift; sourceTree = "<group>"; };
		8B838AA026141FB9006011E2 /* SearchDetailFooterView.swift */ = {isa = PBXFileReference; lastKnownFileType = sourcecode.swift; path = SearchDetailFooterView.swift; sourceTree = "<group>"; };
		8BD0E24C260F535D00D21D1D /* MercadoLibreChallenge.app */ = {isa = PBXFileReference; explicitFileType = wrapper.application; includeInIndex = 0; path = MercadoLibreChallenge.app; sourceTree = BUILT_PRODUCTS_DIR; };
		8BD0E24F260F535D00D21D1D /* AppDelegate.swift */ = {isa = PBXFileReference; lastKnownFileType = sourcecode.swift; path = AppDelegate.swift; sourceTree = "<group>"; };
		8BD0E251260F535D00D21D1D /* SceneDelegate.swift */ = {isa = PBXFileReference; lastKnownFileType = sourcecode.swift; path = SceneDelegate.swift; sourceTree = "<group>"; };
		8BD0E253260F535D00D21D1D /* ViewController.swift */ = {isa = PBXFileReference; lastKnownFileType = sourcecode.swift; path = ViewController.swift; sourceTree = "<group>"; };
		8BD0E258260F535F00D21D1D /* Assets.xcassets */ = {isa = PBXFileReference; lastKnownFileType = folder.assetcatalog; path = Assets.xcassets; sourceTree = "<group>"; };
		8BD0E25B260F535F00D21D1D /* Base */ = {isa = PBXFileReference; lastKnownFileType = file.storyboard; name = Base; path = Base.lproj/LaunchScreen.storyboard; sourceTree = "<group>"; };
		8BD0E25D260F535F00D21D1D /* Info.plist */ = {isa = PBXFileReference; lastKnownFileType = text.plist.xml; path = Info.plist; sourceTree = "<group>"; };
		8BD0E262260F535F00D21D1D /* MercadoLibreChallengeTests.xctest */ = {isa = PBXFileReference; explicitFileType = wrapper.cfbundle; includeInIndex = 0; path = MercadoLibreChallengeTests.xctest; sourceTree = BUILT_PRODUCTS_DIR; };
		8BD0E266260F535F00D21D1D /* MercadoLibreChallengeTests.swift */ = {isa = PBXFileReference; lastKnownFileType = sourcecode.swift; path = MercadoLibreChallengeTests.swift; sourceTree = "<group>"; };
		8BD0E268260F535F00D21D1D /* Info.plist */ = {isa = PBXFileReference; lastKnownFileType = text.plist.xml; path = Info.plist; sourceTree = "<group>"; };
		8BD0E26D260F535F00D21D1D /* MercadoLibreChallengeUITests.xctest */ = {isa = PBXFileReference; explicitFileType = wrapper.cfbundle; includeInIndex = 0; path = MercadoLibreChallengeUITests.xctest; sourceTree = BUILT_PRODUCTS_DIR; };
		8BD0E271260F535F00D21D1D /* MercadoLibreChallengeUITests.swift */ = {isa = PBXFileReference; lastKnownFileType = sourcecode.swift; path = MercadoLibreChallengeUITests.swift; sourceTree = "<group>"; };
		8BD0E273260F535F00D21D1D /* Info.plist */ = {isa = PBXFileReference; lastKnownFileType = text.plist.xml; path = Info.plist; sourceTree = "<group>"; };
		8BD0E297260F53A300D21D1D /* ApplicationCoordinator.swift */ = {isa = PBXFileReference; fileEncoding = 4; lastKnownFileType = sourcecode.swift; path = ApplicationCoordinator.swift; sourceTree = "<group>"; };
		8BD0E29A260F53A300D21D1D /* DeepLinkOption.swift */ = {isa = PBXFileReference; fileEncoding = 4; lastKnownFileType = sourcecode.swift; path = DeepLinkOption.swift; sourceTree = "<group>"; };
		8BD0E29B260F53A300D21D1D /* LaunchInstructor.swift */ = {isa = PBXFileReference; fileEncoding = 4; lastKnownFileType = sourcecode.swift; path = LaunchInstructor.swift; sourceTree = "<group>"; };
		8BD0E29F260F53A300D21D1D /* CoordinatorOutput.swift */ = {isa = PBXFileReference; fileEncoding = 4; lastKnownFileType = sourcecode.swift; path = CoordinatorOutput.swift; sourceTree = "<group>"; };
		8BD0E2A0260F53A300D21D1D /* BaseViewControllerProtocol.swift */ = {isa = PBXFileReference; fileEncoding = 4; lastKnownFileType = sourcecode.swift; path = BaseViewControllerProtocol.swift; sourceTree = "<group>"; };
		8BD0E2A1260F53A300D21D1D /* Presentable.swift */ = {isa = PBXFileReference; fileEncoding = 4; lastKnownFileType = sourcecode.swift; path = Presentable.swift; sourceTree = "<group>"; };
		8BD0E2A2260F53A300D21D1D /* Coordinator.swift */ = {isa = PBXFileReference; fileEncoding = 4; lastKnownFileType = sourcecode.swift; path = Coordinator.swift; sourceTree = "<group>"; };
		8BD0E2A4260F53A300D21D1D /* BaseCoordinator.swift */ = {isa = PBXFileReference; fileEncoding = 4; lastKnownFileType = sourcecode.swift; path = BaseCoordinator.swift; sourceTree = "<group>"; };
		8BD0E2A6260F53A300D21D1D /* Router.swift */ = {isa = PBXFileReference; fileEncoding = 4; lastKnownFileType = sourcecode.swift; path = Router.swift; sourceTree = "<group>"; };
		8BD0E2C4260F543300D21D1D /* Container+ViewModels.swift */ = {isa = PBXFileReference; fileEncoding = 4; lastKnownFileType = sourcecode.swift; path = "Container+ViewModels.swift"; sourceTree = "<group>"; };
		8BD0E2C5260F543300D21D1D /* Container+Services.swift */ = {isa = PBXFileReference; fileEncoding = 4; lastKnownFileType = sourcecode.swift; path = "Container+Services.swift"; sourceTree = "<group>"; };
		8BD0E2C6260F543300D21D1D /* Container+RegisterDependencies.swift */ = {isa = PBXFileReference; fileEncoding = 4; lastKnownFileType = sourcecode.swift; path = "Container+RegisterDependencies.swift"; sourceTree = "<group>"; };
		8BD0E2DA260F5C0300D21D1D /* EndPointType.swift */ = {isa = PBXFileReference; lastKnownFileType = sourcecode.swift; path = EndPointType.swift; sourceTree = "<group>"; };
		8BD0E2EA260F5CBD00D21D1D /* ParameterEncoding.swift */ = {isa = PBXFileReference; lastKnownFileType = sourcecode.swift; path = ParameterEncoding.swift; sourceTree = "<group>"; };
		8BD0E2EF260F5CEC00D21D1D /* RequestItems.swift */ = {isa = PBXFileReference; lastKnownFileType = sourcecode.swift; path = RequestItems.swift; sourceTree = "<group>"; };
		8BD0E2F5260F5D2E00D21D1D /* ApiManager.swift */ = {isa = PBXFileReference; lastKnownFileType = sourcecode.swift; path = ApiManager.swift; sourceTree = "<group>"; };
		8BD0E2FD260F605400D21D1D /* ApiManagerRetrier.swift */ = {isa = PBXFileReference; lastKnownFileType = sourcecode.swift; path = ApiManagerRetrier.swift; sourceTree = "<group>"; };
		8BD0E303260F617700D21D1D /* ItemServices.swift */ = {isa = PBXFileReference; lastKnownFileType = sourcecode.swift; path = ItemServices.swift; sourceTree = "<group>"; };
		8BD0E30C260F624500D21D1D /* UserServices.swift */ = {isa = PBXFileReference; lastKnownFileType = sourcecode.swift; path = UserServices.swift; sourceTree = "<group>"; };
		8BD0E313260F630600D21D1D /* Dynamic.swift */ = {isa = PBXFileReference; lastKnownFileType = sourcecode.swift; path = Dynamic.swift; sourceTree = "<group>"; };
		8BD0E31B260F632E00D21D1D /* DynamicArray.swift */ = {isa = PBXFileReference; lastKnownFileType = sourcecode.swift; path = DynamicArray.swift; sourceTree = "<group>"; };
		8BD0E320260F634700D21D1D /* DynamicAsync.swift */ = {isa = PBXFileReference; lastKnownFileType = sourcecode.swift; path = DynamicAsync.swift; sourceTree = "<group>"; };
		8BD0E326260F750A00D21D1D /* SearchViewModel.swift */ = {isa = PBXFileReference; lastKnownFileType = sourcecode.swift; path = SearchViewModel.swift; sourceTree = "<group>"; };
		8BD0E32B260F752000D21D1D /* SearchViewController.swift */ = {isa = PBXFileReference; lastKnownFileType = sourcecode.swift; path = SearchViewController.swift; sourceTree = "<group>"; };
		8BD0E335260F7B5E00D21D1D /* Container+Coordinators.swift */ = {isa = PBXFileReference; lastKnownFileType = sourcecode.swift; path = "Container+Coordinators.swift"; sourceTree = "<group>"; };
		8BD0E33B260F7F5D00D21D1D /* CoordinatorFactory.swift */ = {isa = PBXFileReference; lastKnownFileType = sourcecode.swift; path = CoordinatorFactory.swift; sourceTree = "<group>"; };
		8BD0E343260F800900D21D1D /* ViewControllerFactory.swift */ = {isa = PBXFileReference; lastKnownFileType = sourcecode.swift; path = ViewControllerFactory.swift; sourceTree = "<group>"; };
		8BD0E348260F830A00D21D1D /* Container+Router.swift */ = {isa = PBXFileReference; lastKnownFileType = sourcecode.swift; path = "Container+Router.swift"; sourceTree = "<group>"; };
		8BD0E34D260F852300D21D1D /* Container+ViewControlllers.swift */ = {isa = PBXFileReference; lastKnownFileType = sourcecode.swift; path = "Container+ViewControlllers.swift"; sourceTree = "<group>"; };
		8BD0E352260FC4AC00D21D1D /* SearchCoordinator.swift */ = {isa = PBXFileReference; lastKnownFileType = sourcecode.swift; path = SearchCoordinator.swift; sourceTree = "<group>"; };
		8BD0E35D260FCC3100D21D1D /* Container+Networking.swift */ = {isa = PBXFileReference; lastKnownFileType = sourcecode.swift; path = "Container+Networking.swift"; sourceTree = "<group>"; };
		8BD0E38B260FFCB000D21D1D /* en */ = {isa = PBXFileReference; lastKnownFileType = text.plist.strings; name = en; path = en.lproj/Localizable.strings; sourceTree = "<group>"; };
		8BD0E390260FFD4A00D21D1D /* es */ = {isa = PBXFileReference; lastKnownFileType = text.plist.strings; name = es; path = es.lproj/Localizable.strings; sourceTree = "<group>"; };
		8BD0E394260FFF3F00D21D1D /* StringExtension.swift */ = {isa = PBXFileReference; lastKnownFileType = sourcecode.swift; path = StringExtension.swift; sourceTree = "<group>"; };
		8BD0E3A8261095FF00D21D1D /* Path_from_root.swift */ = {isa = PBXFileReference; fileEncoding = 4; lastKnownFileType = sourcecode.swift; path = Path_from_root.swift; sourceTree = "<group>"; };
		8BD0E3A9261095FF00D21D1D /* Country.swift */ = {isa = PBXFileReference; fileEncoding = 4; lastKnownFileType = sourcecode.swift; path = Country.swift; sourceTree = "<group>"; };
		8BD0E3AA261095FF00D21D1D /* Address.swift */ = {isa = PBXFileReference; fileEncoding = 4; lastKnownFileType = sourcecode.swift; path = Address.swift; sourceTree = "<group>"; };
		8BD0E3AB261095FF00D21D1D /* Cancellations.swift */ = {isa = PBXFileReference; fileEncoding = 4; lastKnownFileType = sourcecode.swift; path = Cancellations.swift; sourceTree = "<group>"; };
		8BD0E3AC261095FF00D21D1D /* SearchResult.swift */ = {isa = PBXFileReference; fileEncoding = 4; lastKnownFileType = sourcecode.swift; path = SearchResult.swift; sourceTree = "<group>"; };
		8BD0E3AD261095FF00D21D1D /* Filters.swift */ = {isa = PBXFileReference; fileEncoding = 4; lastKnownFileType = sourcecode.swift; path = Filters.swift; sourceTree = "<group>"; };
		8BD0E3AE261095FF00D21D1D /* Seller_reputation.swift */ = {isa = PBXFileReference; fileEncoding = 4; lastKnownFileType = sourcecode.swift; path = Seller_reputation.swift; sourceTree = "<group>"; };
		8BD0E3AF261095FF00D21D1D /* Installments.swift */ = {isa = PBXFileReference; fileEncoding = 4; lastKnownFileType = sourcecode.swift; path = Installments.swift; sourceTree = "<group>"; };
		8BD0E3B0261095FF00D21D1D /* Conditions.swift */ = {isa = PBXFileReference; fileEncoding = 4; lastKnownFileType = sourcecode.swift; path = Conditions.swift; sourceTree = "<group>"; };
		8BD0E3B12610960000D21D1D /* Metrics.swift */ = {isa = PBXFileReference; fileEncoding = 4; lastKnownFileType = sourcecode.swift; path = Metrics.swift; sourceTree = "<group>"; };
		8BD0E3B22610960000D21D1D /* State.swift */ = {isa = PBXFileReference; fileEncoding = 4; lastKnownFileType = sourcecode.swift; path = State.swift; sourceTree = "<group>"; };
		8BD0E3B32610960000D21D1D /* Transactions.swift */ = {isa = PBXFileReference; fileEncoding = 4; lastKnownFileType = sourcecode.swift; path = Transactions.swift; sourceTree = "<group>"; };
		8BD0E3B42610960000D21D1D /* Available_filters.swift */ = {isa = PBXFileReference; fileEncoding = 4; lastKnownFileType = sourcecode.swift; path = Available_filters.swift; sourceTree = "<group>"; };
		8BD0E3B52610960000D21D1D /* Attributes.swift */ = {isa = PBXFileReference; fileEncoding = 4; lastKnownFileType = sourcecode.swift; path = Attributes.swift; sourceTree = "<group>"; };
		8BD0E3B62610960000D21D1D /* Sales.swift */ = {isa = PBXFileReference; fileEncoding = 4; lastKnownFileType = sourcecode.swift; path = Sales.swift; sourceTree = "<group>"; };
		8BD0E3B72610960000D21D1D /* Shipping.swift */ = {isa = PBXFileReference; fileEncoding = 4; lastKnownFileType = sourcecode.swift; path = Shipping.swift; sourceTree = "<group>"; };
		8BD0E3B82610960000D21D1D /* Available_sorts.swift */ = {isa = PBXFileReference; fileEncoding = 4; lastKnownFileType = sourcecode.swift; path = Available_sorts.swift; sourceTree = "<group>"; };
		8BD0E3B92610960000D21D1D /* Prices.swift */ = {isa = PBXFileReference; fileEncoding = 4; lastKnownFileType = sourcecode.swift; path = Prices.swift; sourceTree = "<group>"; };
		8BD0E3BA2610960000D21D1D /* Seller.swift */ = {isa = PBXFileReference; fileEncoding = 4; lastKnownFileType = sourcecode.swift; path = Seller.swift; sourceTree = "<group>"; };
		8BD0E3BB2610960000D21D1D /* Values.swift */ = {isa = PBXFileReference; fileEncoding = 4; lastKnownFileType = sourcecode.swift; path = Values.swift; sourceTree = "<group>"; };
		8BD0E3BC2610960100D21D1D /* Claims.swift */ = {isa = PBXFileReference; fileEncoding = 4; lastKnownFileType = sourcecode.swift; path = Claims.swift; sourceTree = "<group>"; };
		8BD0E3BD2610960100D21D1D /* Paging.swift */ = {isa = PBXFileReference; fileEncoding = 4; lastKnownFileType = sourcecode.swift; path = Paging.swift; sourceTree = "<group>"; };
		8BD0E3BE2610960100D21D1D /* Metadata.swift */ = {isa = PBXFileReference; fileEncoding = 4; lastKnownFileType = sourcecode.swift; path = Metadata.swift; sourceTree = "<group>"; };
		8BD0E3BF2610960100D21D1D /* Ratings.swift */ = {isa = PBXFileReference; fileEncoding = 4; lastKnownFileType = sourcecode.swift; path = Ratings.swift; sourceTree = "<group>"; };
		8BD0E3C02610960100D21D1D /* Seller_address.swift */ = {isa = PBXFileReference; fileEncoding = 4; lastKnownFileType = sourcecode.swift; path = Seller_address.swift; sourceTree = "<group>"; };
		8BD0E3C12610960100D21D1D /* Results.swift */ = {isa = PBXFileReference; fileEncoding = 4; lastKnownFileType = sourcecode.swift; path = Results.swift; sourceTree = "<group>"; };
		8BD0E3C22610960100D21D1D /* City.swift */ = {isa = PBXFileReference; fileEncoding = 4; lastKnownFileType = sourcecode.swift; path = City.swift; sourceTree = "<group>"; };
		8BD0E3C32610960100D21D1D /* Sort.swift */ = {isa = PBXFileReference; fileEncoding = 4; lastKnownFileType = sourcecode.swift; path = Sort.swift; sourceTree = "<group>"; };
		8BD0E3C42610960100D21D1D /* Delayed_handling_time.swift */ = {isa = PBXFileReference; fileEncoding = 4; lastKnownFileType = sourcecode.swift; path = Delayed_handling_time.swift; sourceTree = "<group>"; };
		8BD0E3C52610960100D21D1D /* Eshop.swift */ = {isa = PBXFileReference; fileEncoding = 4; lastKnownFileType = sourcecode.swift; path = Eshop.swift; sourceTree = "<group>"; };
		8BD0E3C62610960100D21D1D /* Presentation.swift */ = {isa = PBXFileReference; fileEncoding = 4; lastKnownFileType = sourcecode.swift; path = Presentation.swift; sourceTree = "<group>"; };
		8BD0E3EC2610969100D21D1D /* NetworkError.swift */ = {isa = PBXFileReference; fileEncoding = 4; lastKnownFileType = sourcecode.swift; path = NetworkError.swift; sourceTree = "<group>"; };
		8BD0E3ED2610969200D21D1D /* AlertMessage.swift */ = {isa = PBXFileReference; fileEncoding = 4; lastKnownFileType = sourcecode.swift; path = AlertMessage.swift; sourceTree = "<group>"; };
		8BD0E3F3261098E700D21D1D /* Value_struct.swift */ = {isa = PBXFileReference; lastKnownFileType = sourcecode.swift; path = Value_struct.swift; sourceTree = "<group>"; };
		8BD0E3FA26109C0E00D21D1D /* BaseViewModel.swift */ = {isa = PBXFileReference; lastKnownFileType = sourcecode.swift; path = BaseViewModel.swift; sourceTree = "<group>"; };
		8BD0E40026109F6A00D21D1D /* UIViewControllerExtensions.swift */ = {isa = PBXFileReference; lastKnownFileType = sourcecode.swift; path = UIViewControllerExtensions.swift; sourceTree = "<group>"; };
		8BD0E4182610A47100D21D1D /* SearchViewCell.swift */ = {isa = PBXFileReference; lastKnownFileType = sourcecode.swift; path = SearchViewCell.swift; sourceTree = "<group>"; };
		8BD0E41D2610A94800D21D1D /* FontBuilder.swift */ = {isa = PBXFileReference; lastKnownFileType = sourcecode.swift; path = FontBuilder.swift; sourceTree = "<group>"; };
		8BD0E4222610A9AE00D21D1D /* Nexa-Light.otf */ = {isa = PBXFileReference; lastKnownFileType = file; path = "Nexa-Light.otf"; sourceTree = "<group>"; };
		8BD0E4232610A9AE00D21D1D /* Poppins-Regular.otf */ = {isa = PBXFileReference; lastKnownFileType = file; path = "Poppins-Regular.otf"; sourceTree = "<group>"; };
		8BD0E4242610A9AE00D21D1D /* Poppins-SemiBold.otf */ = {isa = PBXFileReference; lastKnownFileType = file; path = "Poppins-SemiBold.otf"; sourceTree = "<group>"; };
		8BD0E4252610A9AE00D21D1D /* BebasNeue-Regular.otf */ = {isa = PBXFileReference; lastKnownFileType = file; path = "BebasNeue-Regular.otf"; sourceTree = "<group>"; };
		8BD0E4262610A9AE00D21D1D /* Poppins-Medium.otf */ = {isa = PBXFileReference; lastKnownFileType = file; path = "Poppins-Medium.otf"; sourceTree = "<group>"; };
		8BD0E4272610A9AF00D21D1D /* Nexa-Bold.otf */ = {isa = PBXFileReference; lastKnownFileType = file; path = "Nexa-Bold.otf"; sourceTree = "<group>"; };
		8BD0E4282610A9AF00D21D1D /* BebasNeue-Bold.otf */ = {isa = PBXFileReference; lastKnownFileType = file; path = "BebasNeue-Bold.otf"; sourceTree = "<group>"; };
		8BD0E42C2610BD8200D21D1D /* SearchViewCellViewModel.swift */ = {isa = PBXFileReference; lastKnownFileType = sourcecode.swift; path = SearchViewCellViewModel.swift; sourceTree = "<group>"; };
		8BD0E4312610BDD700D21D1D /* CellViewModel.swift */ = {isa = PBXFileReference; lastKnownFileType = sourcecode.swift; path = CellViewModel.swift; sourceTree = "<group>"; };
		8BD0E44B2610D6F800D21D1D /* CellConfigurable.swift */ = {isa = PBXFileReference; lastKnownFileType = sourcecode.swift; path = CellConfigurable.swift; sourceTree = "<group>"; };
		8BD0E4502610D81A00D21D1D /* UITableViewCellExtensions.swift */ = {isa = PBXFileReference; lastKnownFileType = sourcecode.swift; path = UITableViewCellExtensions.swift; sourceTree = "<group>"; };
		8BD0E47D2611333000D21D1D /* SearchDetailViewController.swift */ = {isa = PBXFileReference; lastKnownFileType = sourcecode.swift; path = SearchDetailViewController.swift; sourceTree = "<group>"; };
		8BD0E4852611334400D21D1D /* SearchDetailViewModel.swift */ = {isa = PBXFileReference; lastKnownFileType = sourcecode.swift; path = SearchDetailViewModel.swift; sourceTree = "<group>"; };
		8BD0E48A2611F98800D21D1D /* DetailImageCell.swift */ = {isa = PBXFileReference; lastKnownFileType = sourcecode.swift; path = DetailImageCell.swift; sourceTree = "<group>"; };
		8BD0E48F2611F9D600D21D1D /* DetailImageCellViewModel.swift */ = {isa = PBXFileReference; lastKnownFileType = sourcecode.swift; path = DetailImageCellViewModel.swift; sourceTree = "<group>"; };
		8BD0E4942613EBFA00D21D1D /* DetailPriceCell.swift */ = {isa = PBXFileReference; lastKnownFileType = sourcecode.swift; path = DetailPriceCell.swift; sourceTree = "<group>"; };
		8BD0E4992613EC6B00D21D1D /* DetailPriceCellViewModel.swift */ = {isa = PBXFileReference; lastKnownFileType = sourcecode.swift; path = DetailPriceCellViewModel.swift; sourceTree = "<group>"; };
		EB9CC0FA53F1386A58552585 /* Pods-MercadoLibreChallenge-MercadoLibreChallengeUITests.release.xcconfig */ = {isa = PBXFileReference; includeInIndex = 1; lastKnownFileType = text.xcconfig; name = "Pods-MercadoLibreChallenge-MercadoLibreChallengeUITests.release.xcconfig"; path = "Target Support Files/Pods-MercadoLibreChallenge-MercadoLibreChallengeUITests/Pods-MercadoLibreChallenge-MercadoLibreChallengeUITests.release.xcconfig"; sourceTree = "<group>"; };
/* End PBXFileReference section */

/* Begin PBXFrameworksBuildPhase section */
		8BD0E249260F535D00D21D1D /* Frameworks */ = {
			isa = PBXFrameworksBuildPhase;
			buildActionMask = 2147483647;
			files = (
				806B2C1380906CE485B4EA8A /* Pods_MercadoLibreChallenge.framework in Frameworks */,
			);
			runOnlyForDeploymentPostprocessing = 0;
		};
		8BD0E25F260F535F00D21D1D /* Frameworks */ = {
			isa = PBXFrameworksBuildPhase;
			buildActionMask = 2147483647;
			files = (
				4C6D023A104B905D12B21EB4 /* Pods_MercadoLibreChallengeTests.framework in Frameworks */,
			);
			runOnlyForDeploymentPostprocessing = 0;
		};
		8BD0E26A260F535F00D21D1D /* Frameworks */ = {
			isa = PBXFrameworksBuildPhase;
			buildActionMask = 2147483647;
			files = (
				436C422E179191F71BC912D0 /* Pods_MercadoLibreChallenge_MercadoLibreChallengeUITests.framework in Frameworks */,
			);
			runOnlyForDeploymentPostprocessing = 0;
		};
/* End PBXFrameworksBuildPhase section */

/* Begin PBXGroup section */
		8BD0E243260F535D00D21D1D = {
			isa = PBXGroup;
			children = (
				8BD0E24E260F535D00D21D1D /* MercadoLibreChallenge */,
				8BD0E265260F535F00D21D1D /* MercadoLibreChallengeTests */,
				8BD0E270260F535F00D21D1D /* MercadoLibreChallengeUITests */,
				8BD0E24D260F535D00D21D1D /* Products */,
				A03B92D10B548EB56ED1437D /* Pods */,
				A470FBC553428A47047F4743 /* Frameworks */,
			);
			sourceTree = "<group>";
		};
		8BD0E24D260F535D00D21D1D /* Products */ = {
			isa = PBXGroup;
			children = (
				8BD0E24C260F535D00D21D1D /* MercadoLibreChallenge.app */,
				8BD0E262260F535F00D21D1D /* MercadoLibreChallengeTests.xctest */,
				8BD0E26D260F535F00D21D1D /* MercadoLibreChallengeUITests.xctest */,
			);
			name = Products;
			sourceTree = "<group>";
		};
		8BD0E24E260F535D00D21D1D /* MercadoLibreChallenge */ = {
			isa = PBXGroup;
			children = (
				8BD0E283260F53A200D21D1D /* Classes */,
				8BD0E2A7260F53A300D21D1D /* Resources */,
				8BD0E282260F53A200D21D1D /* Supporting Files */,
				8BD0E24F260F535D00D21D1D /* AppDelegate.swift */,
				8BD0E251260F535D00D21D1D /* SceneDelegate.swift */,
				8BD0E253260F535D00D21D1D /* ViewController.swift */,
				8BD0E258260F535F00D21D1D /* Assets.xcassets */,
				8BD0E25A260F535F00D21D1D /* LaunchScreen.storyboard */,
				8BD0E25D260F535F00D21D1D /* Info.plist */,
			);
			path = MercadoLibreChallenge;
			sourceTree = "<group>";
		};
		8BD0E265260F535F00D21D1D /* MercadoLibreChallengeTests */ = {
			isa = PBXGroup;
			children = (
				8BD0E266260F535F00D21D1D /* MercadoLibreChallengeTests.swift */,
				8BD0E268260F535F00D21D1D /* Info.plist */,
			);
			path = MercadoLibreChallengeTests;
			sourceTree = "<group>";
		};
		8BD0E270260F535F00D21D1D /* MercadoLibreChallengeUITests */ = {
			isa = PBXGroup;
			children = (
				8BD0E271260F535F00D21D1D /* MercadoLibreChallengeUITests.swift */,
				8BD0E273260F535F00D21D1D /* Info.plist */,
			);
			path = MercadoLibreChallengeUITests;
			sourceTree = "<group>";
		};
		8BD0E282260F53A200D21D1D /* Supporting Files */ = {
			isa = PBXGroup;
			children = (
			);
			path = "Supporting Files";
			sourceTree = "<group>";
		};
		8BD0E283260F53A200D21D1D /* Classes */ = {
			isa = PBXGroup;
			children = (
				8BD0E293260F53A200D21D1D /* ApplicationLayer */,
				8BD0E294260F53A200D21D1D /* PresentationLayer */,
				8BD0E284260F53A200D21D1D /* BussinessLogicLayer */,
			);
			path = Classes;
			sourceTree = "<group>";
		};
		8BD0E284260F53A200D21D1D /* BussinessLogicLayer */ = {
			isa = PBXGroup;
			children = (
				8BD0E285260F53A200D21D1D /* Services */,
				8BD0E286260F53A200D21D1D /* Entities */,
				8BD0E2D8260F5BD500D21D1D /* Networking */,
			);
			path = BussinessLogicLayer;
			sourceTree = "<group>";
		};
		8BD0E285260F53A200D21D1D /* Services */ = {
			isa = PBXGroup;
			children = (
				8BD0E302260F615A00D21D1D /* ItemServices */,
				8BD0E30B260F622900D21D1D /* UserServices */,
			);
			path = Services;
			sourceTree = "<group>";
		};
		8BD0E286260F53A200D21D1D /* Entities */ = {
			isa = PBXGroup;
			children = (
				8BD0E3ED2610969200D21D1D /* AlertMessage.swift */,
				8BD0E3EC2610969100D21D1D /* NetworkError.swift */,
				8BD0E3AA261095FF00D21D1D /* Address.swift */,
				8BD0E3B52610960000D21D1D /* Attributes.swift */,
				8BD0E3B42610960000D21D1D /* Available_filters.swift */,
				8BD0E3B82610960000D21D1D /* Available_sorts.swift */,
				8BD0E3AB261095FF00D21D1D /* Cancellations.swift */,
				8BD0E3C22610960100D21D1D /* City.swift */,
				8BD0E3BC2610960100D21D1D /* Claims.swift */,
				8BD0E3B0261095FF00D21D1D /* Conditions.swift */,
				8BD0E3A9261095FF00D21D1D /* Country.swift */,
				8BD0E3C42610960100D21D1D /* Delayed_handling_time.swift */,
				8BD0E3C52610960100D21D1D /* Eshop.swift */,
				8BD0E3AD261095FF00D21D1D /* Filters.swift */,
				8BD0E3AF261095FF00D21D1D /* Installments.swift */,
				8BD0E3AC261095FF00D21D1D /* SearchResult.swift */,
				8BD0E3BE2610960100D21D1D /* Metadata.swift */,
				8BD0E3B12610960000D21D1D /* Metrics.swift */,
				8BD0E3BD2610960100D21D1D /* Paging.swift */,
				8BD0E3A8261095FF00D21D1D /* Path_from_root.swift */,
				8BD0E3C62610960100D21D1D /* Presentation.swift */,
				8BD0E3B92610960000D21D1D /* Prices.swift */,
				8BD0E3BF2610960100D21D1D /* Ratings.swift */,
				8BD0E3C12610960100D21D1D /* Results.swift */,
				8BD0E3B62610960000D21D1D /* Sales.swift */,
				8BD0E3C02610960100D21D1D /* Seller_address.swift */,
				8BD0E3AE261095FF00D21D1D /* Seller_reputation.swift */,
				8BD0E3BA2610960000D21D1D /* Seller.swift */,
				8BD0E3B72610960000D21D1D /* Shipping.swift */,
				8BD0E3C32610960100D21D1D /* Sort.swift */,
				8BD0E3B22610960000D21D1D /* State.swift */,
				8BD0E3B32610960000D21D1D /* Transactions.swift */,
				8BD0E3BB2610960000D21D1D /* Values.swift */,
				8BD0E3F3261098E700D21D1D /* Value_struct.swift */,
			);
			path = Entities;
			sourceTree = "<group>";
		};
		8BD0E293260F53A200D21D1D /* ApplicationLayer */ = {
			isa = PBXGroup;
			children = (
				8BD0E311260F62EF00D21D1D /* Utils */,
				8BD0E2C1260F53ED00D21D1D /* DependencyInjection */,
				8BD0E33A260F7F3F00D21D1D /* Factory */,
			);
			path = ApplicationLayer;
			sourceTree = "<group>";
		};
		8BD0E294260F53A200D21D1D /* PresentationLayer */ = {
			isa = PBXGroup;
			children = (
				8BD0E3F826109BFD00D21D1D /* Scenes */,
				8BD0E295260F53A200D21D1D /* Coordinator */,
			);
			path = PresentationLayer;
			sourceTree = "<group>";
		};
		8BD0E295260F53A200D21D1D /* Coordinator */ = {
			isa = PBXGroup;
			children = (
				8BD0E296260F53A300D21D1D /* Coordinators */,
				8BD0E298260F53A300D21D1D /* BaseCoordinator */,
			);
			path = Coordinator;
			sourceTree = "<group>";
		};
		8BD0E296260F53A300D21D1D /* Coordinators */ = {
			isa = PBXGroup;
			children = (
				8BD0E297260F53A300D21D1D /* ApplicationCoordinator.swift */,
				8BD0E352260FC4AC00D21D1D /* SearchCoordinator.swift */,
			);
			path = Coordinators;
			sourceTree = "<group>";
		};
		8BD0E298260F53A300D21D1D /* BaseCoordinator */ = {
			isa = PBXGroup;
			children = (
				8BD0E299260F53A300D21D1D /* Enums */,
				8BD0E29E260F53A300D21D1D /* Protocols */,
				8BD0E2A3260F53A300D21D1D /* Base */,
				8BD0E2A5260F53A300D21D1D /* Router */,
			);
			path = BaseCoordinator;
			sourceTree = "<group>";
		};
		8BD0E299260F53A300D21D1D /* Enums */ = {
			isa = PBXGroup;
			children = (
				8BD0E29A260F53A300D21D1D /* DeepLinkOption.swift */,
				8BD0E29B260F53A300D21D1D /* LaunchInstructor.swift */,
			);
			path = Enums;
			sourceTree = "<group>";
		};
		8BD0E29E260F53A300D21D1D /* Protocols */ = {
			isa = PBXGroup;
			children = (
				8BD0E29F260F53A300D21D1D /* CoordinatorOutput.swift */,
				8BD0E2A0260F53A300D21D1D /* BaseViewControllerProtocol.swift */,
				8BD0E2A1260F53A300D21D1D /* Presentable.swift */,
				8BD0E2A2260F53A300D21D1D /* Coordinator.swift */,
			);
			path = Protocols;
			sourceTree = "<group>";
		};
		8BD0E2A3260F53A300D21D1D /* Base */ = {
			isa = PBXGroup;
			children = (
				8BD0E2A4260F53A300D21D1D /* BaseCoordinator.swift */,
			);
			path = Base;
			sourceTree = "<group>";
		};
		8BD0E2A5260F53A300D21D1D /* Router */ = {
			isa = PBXGroup;
			children = (
				8BD0E2A6260F53A300D21D1D /* Router.swift */,
			);
			path = Router;
			sourceTree = "<group>";
		};
		8BD0E2A7260F53A300D21D1D /* Resources */ = {
			isa = PBXGroup;
			children = (
				8BD0E384260FFC5400D21D1D /* Internationalization */,
				8BD0E383260FFC4C00D21D1D /* Fonts */,
			);
			path = Resources;
			sourceTree = "<group>";
		};
		8BD0E2C1260F53ED00D21D1D /* DependencyInjection */ = {
			isa = PBXGroup;
			children = (
				8BD0E2C6260F543300D21D1D /* Container+RegisterDependencies.swift */,
				8BD0E35D260FCC3100D21D1D /* Container+Networking.swift */,
				8BD0E2C5260F543300D21D1D /* Container+Services.swift */,
				8BD0E2C4260F543300D21D1D /* Container+ViewModels.swift */,
				8BD0E348260F830A00D21D1D /* Container+Router.swift */,
				8BD0E335260F7B5E00D21D1D /* Container+Coordinators.swift */,
				8BD0E34D260F852300D21D1D /* Container+ViewControlllers.swift */,
			);
			path = DependencyInjection;
			sourceTree = "<group>";
		};
		8BD0E2D8260F5BD500D21D1D /* Networking */ = {
			isa = PBXGroup;
			children = (
				8BD0E2F4260F5D2300D21D1D /* ApiManager */,
				8BD0E2E9260F5CAA00D21D1D /* AlamofireUtils */,
				8BD0E2D9260F5BEB00D21D1D /* Endpoints */,
			);
			path = Networking;
			sourceTree = "<group>";
		};
		8BD0E2D9260F5BEB00D21D1D /* Endpoints */ = {
			isa = PBXGroup;
			children = (
				8BD0E2DA260F5C0300D21D1D /* EndPointType.swift */,
			);
			path = Endpoints;
			sourceTree = "<group>";
		};
		8BD0E2E9260F5CAA00D21D1D /* AlamofireUtils */ = {
			isa = PBXGroup;
			children = (
				8BD0E2EA260F5CBD00D21D1D /* ParameterEncoding.swift */,
				8BD0E2EF260F5CEC00D21D1D /* RequestItems.swift */,
			);
			path = AlamofireUtils;
			sourceTree = "<group>";
		};
		8BD0E2F4260F5D2300D21D1D /* ApiManager */ = {
			isa = PBXGroup;
			children = (
				8BD0E2F5260F5D2E00D21D1D /* ApiManager.swift */,
				8BD0E2FD260F605400D21D1D /* ApiManagerRetrier.swift */,
			);
			path = ApiManager;
			sourceTree = "<group>";
		};
		8BD0E302260F615A00D21D1D /* ItemServices */ = {
			isa = PBXGroup;
			children = (
				8BD0E303260F617700D21D1D /* ItemServices.swift */,
			);
			path = ItemServices;
			sourceTree = "<group>";
		};
		8BD0E30B260F622900D21D1D /* UserServices */ = {
			isa = PBXGroup;
			children = (
				8BD0E30C260F624500D21D1D /* UserServices.swift */,
			);
			path = UserServices;
			sourceTree = "<group>";
		};
		8BD0E311260F62EF00D21D1D /* Utils */ = {
			isa = PBXGroup;
			children = (
				8BD0E3FF26109F5600D21D1D /* Extensions */,
				8BD0E312260F62F900D21D1D /* Dynamics */,
				8BD0E41D2610A94800D21D1D /* FontBuilder.swift */,
			);
			path = Utils;
			sourceTree = "<group>";
		};
		8BD0E312260F62F900D21D1D /* Dynamics */ = {
			isa = PBXGroup;
			children = (
				8BD0E313260F630600D21D1D /* Dynamic.swift */,
				8BD0E31B260F632E00D21D1D /* DynamicArray.swift */,
				8BD0E320260F634700D21D1D /* DynamicAsync.swift */,
			);
			path = Dynamics;
			sourceTree = "<group>";
		};
		8BD0E325260F74BB00D21D1D /* SearchScene */ = {
			isa = PBXGroup;
			children = (
				8BD0E326260F750A00D21D1D /* SearchViewModel.swift */,
				8BD0E32B260F752000D21D1D /* SearchViewController.swift */,
				8BD0E4182610A47100D21D1D /* SearchViewCell.swift */,
				8BD0E42C2610BD8200D21D1D /* SearchViewCellViewModel.swift */,
			);
			path = SearchScene;
			sourceTree = "<group>";
		};
		8BD0E33A260F7F3F00D21D1D /* Factory */ = {
			isa = PBXGroup;
			children = (
				8BD0E33B260F7F5D00D21D1D /* CoordinatorFactory.swift */,
				8BD0E343260F800900D21D1D /* ViewControllerFactory.swift */,
			);
			path = Factory;
			sourceTree = "<group>";
		};
		8BD0E383260FFC4C00D21D1D /* Fonts */ = {
			isa = PBXGroup;
			children = (
				8BD0E4282610A9AF00D21D1D /* BebasNeue-Bold.otf */,
				8BD0E4252610A9AE00D21D1D /* BebasNeue-Regular.otf */,
				8BD0E4272610A9AF00D21D1D /* Nexa-Bold.otf */,
				8BD0E4222610A9AE00D21D1D /* Nexa-Light.otf */,
				8BD0E4262610A9AE00D21D1D /* Poppins-Medium.otf */,
				8BD0E4232610A9AE00D21D1D /* Poppins-Regular.otf */,
				8BD0E4242610A9AE00D21D1D /* Poppins-SemiBold.otf */,
			);
			path = Fonts;
			sourceTree = "<group>";
		};
		8BD0E384260FFC5400D21D1D /* Internationalization */ = {
			isa = PBXGroup;
			children = (
				8BD0E38C260FFCB000D21D1D /* Localizable.strings */,
			);
			path = Internationalization;
			sourceTree = "<group>";
		};
		8BD0E3F826109BFD00D21D1D /* Scenes */ = {
			isa = PBXGroup;
			children = (
				8BD0E3F926109C0500D21D1D /* Base */,
				8BD0E325260F74BB00D21D1D /* SearchScene */,
				8BD0E47C2611331200D21D1D /* DetailScene */,
			);
			path = Scenes;
			sourceTree = "<group>";
		};
		8BD0E3F926109C0500D21D1D /* Base */ = {
			isa = PBXGroup;
			children = (
				8BD0E3FA26109C0E00D21D1D /* BaseViewModel.swift */,
				8BD0E4312610BDD700D21D1D /* CellViewModel.swift */,
				8BD0E44B2610D6F800D21D1D /* CellConfigurable.swift */,
			);
			path = Base;
			sourceTree = "<group>";
		};
		8BD0E3FF26109F5600D21D1D /* Extensions */ = {
			isa = PBXGroup;
			children = (
				8BD0E40026109F6A00D21D1D /* UIViewControllerExtensions.swift */,
				8BD0E394260FFF3F00D21D1D /* StringExtension.swift */,
				8BD0E4502610D81A00D21D1D /* UITableViewCellExtensions.swift */,
			);
			path = Extensions;
			sourceTree = "<group>";
		};
		8BD0E47C2611331200D21D1D /* DetailScene */ = {
			isa = PBXGroup;
			children = (
				8BD0E47D2611333000D21D1D /* SearchDetailViewController.swift */,
				8BD0E4852611334400D21D1D /* SearchDetailViewModel.swift */,
				8BD0E48A2611F98800D21D1D /* DetailImageCell.swift */,
				8BD0E48F2611F9D600D21D1D /* DetailImageCellViewModel.swift */,
				8BD0E4942613EBFA00D21D1D /* DetailPriceCell.swift */,
				8BD0E4992613EC6B00D21D1D /* DetailPriceCellViewModel.swift */,
				8B838A762613EF81006011E2 /* DetailSellerCell.swift */,
				8B838A7B2613EFB9006011E2 /* DetailSellerCellViewModel.swift */,
				8B838AA026141FB9006011E2 /* SearchDetailFooterView.swift */,
			);
			path = DetailScene;
			sourceTree = "<group>";
		};
		A03B92D10B548EB56ED1437D /* Pods */ = {
			isa = PBXGroup;
			children = (
				5E382F16F2926B7CF145A896 /* Pods-MercadoLibreChallenge.debug.xcconfig */,
				5CBC9119D6D275D997497335 /* Pods-MercadoLibreChallenge.release.xcconfig */,
				37BDD4B23C65ECED4727ABB0 /* Pods-MercadoLibreChallenge-MercadoLibreChallengeUITests.debug.xcconfig */,
				EB9CC0FA53F1386A58552585 /* Pods-MercadoLibreChallenge-MercadoLibreChallengeUITests.release.xcconfig */,
				7F6135A940750C83E66B5CE2 /* Pods-MercadoLibreChallengeTests.debug.xcconfig */,
				5ADF912C641BDCC4C26BEDA2 /* Pods-MercadoLibreChallengeTests.release.xcconfig */,
			);
			path = Pods;
			sourceTree = "<group>";
		};
		A470FBC553428A47047F4743 /* Frameworks */ = {
			isa = PBXGroup;
			children = (
				7CE230C80D5834D4CC684D73 /* Pods_MercadoLibreChallenge.framework */,
				4058046AE4CC7658044BBF35 /* Pods_MercadoLibreChallenge_MercadoLibreChallengeUITests.framework */,
				4AF1C1AE0758C65E17EDBE20 /* Pods_MercadoLibreChallengeTests.framework */,
			);
			name = Frameworks;
			sourceTree = "<group>";
		};
/* End PBXGroup section */

/* Begin PBXNativeTarget section */
		8BD0E24B260F535D00D21D1D /* MercadoLibreChallenge */ = {
			isa = PBXNativeTarget;
			buildConfigurationList = 8BD0E276260F535F00D21D1D /* Build configuration list for PBXNativeTarget "MercadoLibreChallenge" */;
			buildPhases = (
				024793FE76D4681AEEAB3F9E /* [CP] Check Pods Manifest.lock */,
				8BD0E248260F535D00D21D1D /* Sources */,
				8BD0E249260F535D00D21D1D /* Frameworks */,
				8BD0E24A260F535D00D21D1D /* Resources */,
				FFD488142037113A9D79D690 /* [CP] Embed Pods Frameworks */,
			);
			buildRules = (
			);
			dependencies = (
			);
			name = MercadoLibreChallenge;
			productName = MercadoLibreChallenge;
			productReference = 8BD0E24C260F535D00D21D1D /* MercadoLibreChallenge.app */;
			productType = "com.apple.product-type.application";
		};
		8BD0E261260F535F00D21D1D /* MercadoLibreChallengeTests */ = {
			isa = PBXNativeTarget;
			buildConfigurationList = 8BD0E279260F535F00D21D1D /* Build configuration list for PBXNativeTarget "MercadoLibreChallengeTests" */;
			buildPhases = (
				F74BE4E4A5AB2A8FCBD33D28 /* [CP] Check Pods Manifest.lock */,
				8BD0E25E260F535F00D21D1D /* Sources */,
				8BD0E25F260F535F00D21D1D /* Frameworks */,
				8BD0E260260F535F00D21D1D /* Resources */,
			);
			buildRules = (
			);
			dependencies = (
				8BD0E264260F535F00D21D1D /* PBXTargetDependency */,
			);
			name = MercadoLibreChallengeTests;
			productName = MercadoLibreChallengeTests;
			productReference = 8BD0E262260F535F00D21D1D /* MercadoLibreChallengeTests.xctest */;
			productType = "com.apple.product-type.bundle.unit-test";
		};
		8BD0E26C260F535F00D21D1D /* MercadoLibreChallengeUITests */ = {
			isa = PBXNativeTarget;
			buildConfigurationList = 8BD0E27C260F535F00D21D1D /* Build configuration list for PBXNativeTarget "MercadoLibreChallengeUITests" */;
			buildPhases = (
				BA7FAFDB0D2D308E868DC446 /* [CP] Check Pods Manifest.lock */,
				8BD0E269260F535F00D21D1D /* Sources */,
				8BD0E26A260F535F00D21D1D /* Frameworks */,
				8BD0E26B260F535F00D21D1D /* Resources */,
				96681E3D650370F0147DA2BF /* [CP] Embed Pods Frameworks */,
			);
			buildRules = (
			);
			dependencies = (
				8BD0E26F260F535F00D21D1D /* PBXTargetDependency */,
			);
			name = MercadoLibreChallengeUITests;
			productName = MercadoLibreChallengeUITests;
			productReference = 8BD0E26D260F535F00D21D1D /* MercadoLibreChallengeUITests.xctest */;
			productType = "com.apple.product-type.bundle.ui-testing";
		};
/* End PBXNativeTarget section */

/* Begin PBXProject section */
		8BD0E244260F535D00D21D1D /* Project object */ = {
			isa = PBXProject;
			attributes = {
				LastSwiftUpdateCheck = 1240;
				LastUpgradeCheck = 1240;
				TargetAttributes = {
					8BD0E24B260F535D00D21D1D = {
						CreatedOnToolsVersion = 12.4;
					};
					8BD0E261260F535F00D21D1D = {
						CreatedOnToolsVersion = 12.4;
						TestTargetID = 8BD0E24B260F535D00D21D1D;
					};
					8BD0E26C260F535F00D21D1D = {
						CreatedOnToolsVersion = 12.4;
						TestTargetID = 8BD0E24B260F535D00D21D1D;
					};
				};
			};
			buildConfigurationList = 8BD0E247260F535D00D21D1D /* Build configuration list for PBXProject "MercadoLibreChallenge" */;
			compatibilityVersion = "Xcode 9.3";
			developmentRegion = en;
			hasScannedForEncodings = 0;
			knownRegions = (
				en,
				Base,
				es,
			);
			mainGroup = 8BD0E243260F535D00D21D1D;
			productRefGroup = 8BD0E24D260F535D00D21D1D /* Products */;
			projectDirPath = "";
			projectRoot = "";
			targets = (
				8BD0E24B260F535D00D21D1D /* MercadoLibreChallenge */,
				8BD0E261260F535F00D21D1D /* MercadoLibreChallengeTests */,
				8BD0E26C260F535F00D21D1D /* MercadoLibreChallengeUITests */,
			);
		};
/* End PBXProject section */

/* Begin PBXResourcesBuildPhase section */
		8BD0E24A260F535D00D21D1D /* Resources */ = {
			isa = PBXResourcesBuildPhase;
			buildActionMask = 2147483647;
			files = (
				8BD0E478261124BE00D21D1D /* Poppins-SemiBold.otf in Resources */,
				8BD0E470261124BA00D21D1D /* Poppins-Medium.otf in Resources */,
				8BD0E464261124B200D21D1D /* BebasNeue-Regular.otf in Resources */,
				8BD0E25C260F535F00D21D1D /* LaunchScreen.storyboard in Resources */,
				8BD0E468261124B500D21D1D /* Nexa-Bold.otf in Resources */,
				8BD0E460261124B000D21D1D /* BebasNeue-Bold.otf in Resources */,
				8BD0E46C261124B700D21D1D /* Nexa-Light.otf in Resources */,
				8BD0E474261124BC00D21D1D /* Poppins-Regular.otf in Resources */,
				8BD0E38A260FFCB000D21D1D /* Localizable.strings in Resources */,
				8BD0E259260F535F00D21D1D /* Assets.xcassets in Resources */,
			);
			runOnlyForDeploymentPostprocessing = 0;
		};
		8BD0E260260F535F00D21D1D /* Resources */ = {
			isa = PBXResourcesBuildPhase;
			buildActionMask = 2147483647;
			files = (
			);
			runOnlyForDeploymentPostprocessing = 0;
		};
		8BD0E26B260F535F00D21D1D /* Resources */ = {
			isa = PBXResourcesBuildPhase;
			buildActionMask = 2147483647;
			files = (
			);
			runOnlyForDeploymentPostprocessing = 0;
		};
/* End PBXResourcesBuildPhase section */

/* Begin PBXShellScriptBuildPhase section */
		024793FE76D4681AEEAB3F9E /* [CP] Check Pods Manifest.lock */ = {
			isa = PBXShellScriptBuildPhase;
			buildActionMask = 2147483647;
			files = (
			);
			inputFileListPaths = (
			);
			inputPaths = (
				"${PODS_PODFILE_DIR_PATH}/Podfile.lock",
				"${PODS_ROOT}/Manifest.lock",
			);
			name = "[CP] Check Pods Manifest.lock";
			outputFileListPaths = (
			);
			outputPaths = (
				"$(DERIVED_FILE_DIR)/Pods-MercadoLibreChallenge-checkManifestLockResult.txt",
			);
			runOnlyForDeploymentPostprocessing = 0;
			shellPath = /bin/sh;
			shellScript = "diff \"${PODS_PODFILE_DIR_PATH}/Podfile.lock\" \"${PODS_ROOT}/Manifest.lock\" > /dev/null\nif [ $? != 0 ] ; then\n    # print error to STDERR\n    echo \"error: The sandbox is not in sync with the Podfile.lock. Run 'pod install' or update your CocoaPods installation.\" >&2\n    exit 1\nfi\n# This output is used by Xcode 'outputs' to avoid re-running this script phase.\necho \"SUCCESS\" > \"${SCRIPT_OUTPUT_FILE_0}\"\n";
			showEnvVarsInLog = 0;
		};
		96681E3D650370F0147DA2BF /* [CP] Embed Pods Frameworks */ = {
			isa = PBXShellScriptBuildPhase;
			buildActionMask = 2147483647;
			files = (
			);
			inputFileListPaths = (
				"${PODS_ROOT}/Target Support Files/Pods-MercadoLibreChallenge-MercadoLibreChallengeUITests/Pods-MercadoLibreChallenge-MercadoLibreChallengeUITests-frameworks-${CONFIGURATION}-input-files.xcfilelist",
			);
			name = "[CP] Embed Pods Frameworks";
			outputFileListPaths = (
				"${PODS_ROOT}/Target Support Files/Pods-MercadoLibreChallenge-MercadoLibreChallengeUITests/Pods-MercadoLibreChallenge-MercadoLibreChallengeUITests-frameworks-${CONFIGURATION}-output-files.xcfilelist",
			);
			runOnlyForDeploymentPostprocessing = 0;
			shellPath = /bin/sh;
			shellScript = "\"${PODS_ROOT}/Target Support Files/Pods-MercadoLibreChallenge-MercadoLibreChallengeUITests/Pods-MercadoLibreChallenge-MercadoLibreChallengeUITests-frameworks.sh\"\n";
			showEnvVarsInLog = 0;
		};
		BA7FAFDB0D2D308E868DC446 /* [CP] Check Pods Manifest.lock */ = {
			isa = PBXShellScriptBuildPhase;
			buildActionMask = 2147483647;
			files = (
			);
			inputFileListPaths = (
			);
			inputPaths = (
				"${PODS_PODFILE_DIR_PATH}/Podfile.lock",
				"${PODS_ROOT}/Manifest.lock",
			);
			name = "[CP] Check Pods Manifest.lock";
			outputFileListPaths = (
			);
			outputPaths = (
				"$(DERIVED_FILE_DIR)/Pods-MercadoLibreChallenge-MercadoLibreChallengeUITests-checkManifestLockResult.txt",
			);
			runOnlyForDeploymentPostprocessing = 0;
			shellPath = /bin/sh;
			shellScript = "diff \"${PODS_PODFILE_DIR_PATH}/Podfile.lock\" \"${PODS_ROOT}/Manifest.lock\" > /dev/null\nif [ $? != 0 ] ; then\n    # print error to STDERR\n    echo \"error: The sandbox is not in sync with the Podfile.lock. Run 'pod install' or update your CocoaPods installation.\" >&2\n    exit 1\nfi\n# This output is used by Xcode 'outputs' to avoid re-running this script phase.\necho \"SUCCESS\" > \"${SCRIPT_OUTPUT_FILE_0}\"\n";
			showEnvVarsInLog = 0;
		};
		F74BE4E4A5AB2A8FCBD33D28 /* [CP] Check Pods Manifest.lock */ = {
			isa = PBXShellScriptBuildPhase;
			buildActionMask = 2147483647;
			files = (
			);
			inputFileListPaths = (
			);
			inputPaths = (
				"${PODS_PODFILE_DIR_PATH}/Podfile.lock",
				"${PODS_ROOT}/Manifest.lock",
			);
			name = "[CP] Check Pods Manifest.lock";
			outputFileListPaths = (
			);
			outputPaths = (
				"$(DERIVED_FILE_DIR)/Pods-MercadoLibreChallengeTests-checkManifestLockResult.txt",
			);
			runOnlyForDeploymentPostprocessing = 0;
			shellPath = /bin/sh;
			shellScript = "diff \"${PODS_PODFILE_DIR_PATH}/Podfile.lock\" \"${PODS_ROOT}/Manifest.lock\" > /dev/null\nif [ $? != 0 ] ; then\n    # print error to STDERR\n    echo \"error: The sandbox is not in sync with the Podfile.lock. Run 'pod install' or update your CocoaPods installation.\" >&2\n    exit 1\nfi\n# This output is used by Xcode 'outputs' to avoid re-running this script phase.\necho \"SUCCESS\" > \"${SCRIPT_OUTPUT_FILE_0}\"\n";
			showEnvVarsInLog = 0;
		};
		FFD488142037113A9D79D690 /* [CP] Embed Pods Frameworks */ = {
			isa = PBXShellScriptBuildPhase;
			buildActionMask = 2147483647;
			files = (
			);
			inputFileListPaths = (
				"${PODS_ROOT}/Target Support Files/Pods-MercadoLibreChallenge/Pods-MercadoLibreChallenge-frameworks-${CONFIGURATION}-input-files.xcfilelist",
			);
			name = "[CP] Embed Pods Frameworks";
			outputFileListPaths = (
				"${PODS_ROOT}/Target Support Files/Pods-MercadoLibreChallenge/Pods-MercadoLibreChallenge-frameworks-${CONFIGURATION}-output-files.xcfilelist",
			);
			runOnlyForDeploymentPostprocessing = 0;
			shellPath = /bin/sh;
			shellScript = "\"${PODS_ROOT}/Target Support Files/Pods-MercadoLibreChallenge/Pods-MercadoLibreChallenge-frameworks.sh\"\n";
			showEnvVarsInLog = 0;
		};
/* End PBXShellScriptBuildPhase section */

/* Begin PBXSourcesBuildPhase section */
		8BD0E248260F535D00D21D1D /* Sources */ = {
			isa = PBXSourcesBuildPhase;
			buildActionMask = 2147483647;
			files = (
				8BD0E254260F535D00D21D1D /* ViewController.swift in Sources */,
				8B838A772613EF81006011E2 /* DetailSellerCell.swift in Sources */,
				8BD0E304260F617700D21D1D /* ItemServices.swift in Sources */,
				8BD0E3CF2610960100D21D1D /* Conditions.swift in Sources */,
				8BD0E2CA260F543300D21D1D /* Container+Services.swift in Sources */,
				8BD0E2BD260F53A300D21D1D /* Router.swift in Sources */,
				8BD0E250260F535D00D21D1D /* AppDelegate.swift in Sources */,
				8BD0E3D22610960100D21D1D /* Transactions.swift in Sources */,
				8BD0E3DA2610960100D21D1D /* Values.swift in Sources */,
				8BD0E2C9260F543300D21D1D /* Container+ViewModels.swift in Sources */,
				8BD0E3D02610960100D21D1D /* Metrics.swift in Sources */,
				8BD0E4902611F9D600D21D1D /* DetailImageCellViewModel.swift in Sources */,
				8BD0E2BC260F53A300D21D1D /* BaseCoordinator.swift in Sources */,
				8BD0E31C260F632E00D21D1D /* DynamicArray.swift in Sources */,
				8BD0E4862611334400D21D1D /* SearchDetailViewModel.swift in Sources */,
				8BD0E2B8260F53A300D21D1D /* CoordinatorOutput.swift in Sources */,
				8BD0E3E22610960100D21D1D /* Sort.swift in Sources */,
				8BD0E3DD2610960100D21D1D /* Metadata.swift in Sources */,
				8BD0E4952613EBFA00D21D1D /* DetailPriceCell.swift in Sources */,
				8BD0E3D32610960100D21D1D /* Available_filters.swift in Sources */,
				8BD0E2CB260F543300D21D1D /* Container+RegisterDependencies.swift in Sources */,
				8BD0E3EE2610969200D21D1D /* NetworkError.swift in Sources */,
				8B838AA126141FB9006011E2 /* SearchDetailFooterView.swift in Sources */,
				8BD0E349260F830A00D21D1D /* Container+Router.swift in Sources */,
				8BD0E3D12610960100D21D1D /* State.swift in Sources */,
				8BD0E3E42610960100D21D1D /* Eshop.swift in Sources */,
				8BD0E3DC2610960100D21D1D /* Paging.swift in Sources */,
				8BD0E2F6260F5D2E00D21D1D /* ApiManager.swift in Sources */,
				8BD0E3E12610960100D21D1D /* City.swift in Sources */,
				8BD0E4512610D81A00D21D1D /* UITableViewCellExtensions.swift in Sources */,
				8BD0E314260F630600D21D1D /* Dynamic.swift in Sources */,
				8BD0E41E2610A94800D21D1D /* FontBuilder.swift in Sources */,
				8BD0E3E32610960100D21D1D /* Delayed_handling_time.swift in Sources */,
				8BD0E3F4261098E700D21D1D /* Value_struct.swift in Sources */,
				8BD0E2BA260F53A300D21D1D /* Presentable.swift in Sources */,
				8BD0E2B5260F53A300D21D1D /* DeepLinkOption.swift in Sources */,
				8BD0E3EF2610969200D21D1D /* AlertMessage.swift in Sources */,
				8BD0E3CD2610960100D21D1D /* Seller_reputation.swift in Sources */,
				8BD0E3C92610960100D21D1D /* Address.swift in Sources */,
				8BD0E344260F800900D21D1D /* ViewControllerFactory.swift in Sources */,
				8BD0E2DB260F5C0300D21D1D /* EndPointType.swift in Sources */,
				8BD0E35E260FCC3100D21D1D /* Container+Networking.swift in Sources */,
				8BD0E48B2611F98800D21D1D /* DetailImageCell.swift in Sources */,
				8BD0E3DE2610960100D21D1D /* Ratings.swift in Sources */,
				8BD0E3DF2610960100D21D1D /* Seller_address.swift in Sources */,
				8BD0E353260FC4AC00D21D1D /* SearchCoordinator.swift in Sources */,
				8BD0E3CC2610960100D21D1D /* Filters.swift in Sources */,
				8BD0E40126109F6A00D21D1D /* UIViewControllerExtensions.swift in Sources */,
				8BD0E3D42610960100D21D1D /* Attributes.swift in Sources */,
				8BD0E44C2610D6F800D21D1D /* CellConfigurable.swift in Sources */,
				8BD0E3E02610960100D21D1D /* Results.swift in Sources */,
				8BD0E3E52610960100D21D1D /* Presentation.swift in Sources */,
				8BD0E327260F750A00D21D1D /* SearchViewModel.swift in Sources */,
				8BD0E3CA2610960100D21D1D /* Cancellations.swift in Sources */,
				8BD0E3D62610960100D21D1D /* Shipping.swift in Sources */,
				8BD0E395260FFF3F00D21D1D /* StringExtension.swift in Sources */,
				8BD0E3D52610960100D21D1D /* Sales.swift in Sources */,
				8BD0E4192610A47100D21D1D /* SearchViewCell.swift in Sources */,
				8BD0E336260F7B5E00D21D1D /* Container+Coordinators.swift in Sources */,
				8BD0E32C260F752000D21D1D /* SearchViewController.swift in Sources */,
				8B838A7C2613EFB9006011E2 /* DetailSellerCellViewModel.swift in Sources */,
				8BD0E3C72610960100D21D1D /* Path_from_root.swift in Sources */,
				8BD0E33C260F7F5D00D21D1D /* CoordinatorFactory.swift in Sources */,
				8BD0E3C82610960100D21D1D /* Country.swift in Sources */,
				8BD0E4322610BDD700D21D1D /* CellViewModel.swift in Sources */,
				8BD0E2BB260F53A300D21D1D /* Coordinator.swift in Sources */,
				8BD0E321260F634700D21D1D /* DynamicAsync.swift in Sources */,
				8BD0E3DB2610960100D21D1D /* Claims.swift in Sources */,
				8BD0E34E260F852300D21D1D /* Container+ViewControlllers.swift in Sources */,
				8BD0E30D260F624500D21D1D /* UserServices.swift in Sources */,
				8BD0E3CE2610960100D21D1D /* Installments.swift in Sources */,
				8BD0E2EB260F5CBD00D21D1D /* ParameterEncoding.swift in Sources */,
				8BD0E2B6260F53A300D21D1D /* LaunchInstructor.swift in Sources */,
				8BD0E49A2613EC6B00D21D1D /* DetailPriceCellViewModel.swift in Sources */,
				8BD0E3D92610960100D21D1D /* Seller.swift in Sources */,
				8BD0E3D72610960100D21D1D /* Available_sorts.swift in Sources */,
				8BD0E3FB26109C0E00D21D1D /* BaseViewModel.swift in Sources */,
				8BD0E3D82610960100D21D1D /* Prices.swift in Sources */,
				8BD0E2F0260F5CEC00D21D1D /* RequestItems.swift in Sources */,
				8BD0E2FE260F605400D21D1D /* ApiManagerRetrier.swift in Sources */,
				8BD0E252260F535D00D21D1D /* SceneDelegate.swift in Sources */,
				8BD0E3CB2610960100D21D1D /* SearchResult.swift in Sources */,
				8BD0E2B9260F53A300D21D1D /* BaseViewControllerProtocol.swift in Sources */,
				8BD0E2B4260F53A300D21D1D /* ApplicationCoordinator.swift in Sources */,
				8BD0E47E2611333000D21D1D /* SearchDetailViewController.swift in Sources */,
				8BD0E42D2610BD8200D21D1D /* SearchViewCellViewModel.swift in Sources */,
			);
			runOnlyForDeploymentPostprocessing = 0;
		};
		8BD0E25E260F535F00D21D1D /* Sources */ = {
			isa = PBXSourcesBuildPhase;
			buildActionMask = 2147483647;
			files = (
				8BD0E267260F535F00D21D1D /* MercadoLibreChallengeTests.swift in Sources */,
			);
			runOnlyForDeploymentPostprocessing = 0;
		};
		8BD0E269260F535F00D21D1D /* Sources */ = {
			isa = PBXSourcesBuildPhase;
			buildActionMask = 2147483647;
			files = (
				8BD0E272260F535F00D21D1D /* MercadoLibreChallengeUITests.swift in Sources */,
			);
			runOnlyForDeploymentPostprocessing = 0;
		};
/* End PBXSourcesBuildPhase section */

/* Begin PBXTargetDependency section */
		8BD0E264260F535F00D21D1D /* PBXTargetDependency */ = {
			isa = PBXTargetDependency;
			target = 8BD0E24B260F535D00D21D1D /* MercadoLibreChallenge */;
			targetProxy = 8BD0E263260F535F00D21D1D /* PBXContainerItemProxy */;
		};
		8BD0E26F260F535F00D21D1D /* PBXTargetDependency */ = {
			isa = PBXTargetDependency;
			target = 8BD0E24B260F535D00D21D1D /* MercadoLibreChallenge */;
			targetProxy = 8BD0E26E260F535F00D21D1D /* PBXContainerItemProxy */;
		};
/* End PBXTargetDependency section */

/* Begin PBXVariantGroup section */
		8BD0E25A260F535F00D21D1D /* LaunchScreen.storyboard */ = {
			isa = PBXVariantGroup;
			children = (
				8BD0E25B260F535F00D21D1D /* Base */,
			);
			name = LaunchScreen.storyboard;
			sourceTree = "<group>";
		};
		8BD0E38C260FFCB000D21D1D /* Localizable.strings */ = {
			isa = PBXVariantGroup;
			children = (
				8BD0E38B260FFCB000D21D1D /* en */,
				8BD0E390260FFD4A00D21D1D /* es */,
			);
			name = Localizable.strings;
			sourceTree = "<group>";
		};
/* End PBXVariantGroup section */

/* Begin XCBuildConfiguration section */
		8BD0E274260F535F00D21D1D /* Debug */ = {
			isa = XCBuildConfiguration;
			buildSettings = {
				ALWAYS_SEARCH_USER_PATHS = NO;
				CLANG_ANALYZER_LOCALIZABILITY_NONLOCALIZED = YES;
				CLANG_ANALYZER_NONNULL = YES;
				CLANG_ANALYZER_NUMBER_OBJECT_CONVERSION = YES_AGGRESSIVE;
				CLANG_CXX_LANGUAGE_STANDARD = "gnu++14";
				CLANG_CXX_LIBRARY = "libc++";
				CLANG_ENABLE_MODULES = YES;
				CLANG_ENABLE_OBJC_ARC = YES;
				CLANG_ENABLE_OBJC_WEAK = YES;
				CLANG_WARN_BLOCK_CAPTURE_AUTORELEASING = YES;
				CLANG_WARN_BOOL_CONVERSION = YES;
				CLANG_WARN_COMMA = YES;
				CLANG_WARN_CONSTANT_CONVERSION = YES;
				CLANG_WARN_DEPRECATED_OBJC_IMPLEMENTATIONS = YES;
				CLANG_WARN_DIRECT_OBJC_ISA_USAGE = YES_ERROR;
				CLANG_WARN_DOCUMENTATION_COMMENTS = YES;
				CLANG_WARN_EMPTY_BODY = YES;
				CLANG_WARN_ENUM_CONVERSION = YES;
				CLANG_WARN_INFINITE_RECURSION = YES;
				CLANG_WARN_INT_CONVERSION = YES;
				CLANG_WARN_NON_LITERAL_NULL_CONVERSION = YES;
				CLANG_WARN_OBJC_IMPLICIT_RETAIN_SELF = YES;
				CLANG_WARN_OBJC_LITERAL_CONVERSION = YES;
				CLANG_WARN_OBJC_ROOT_CLASS = YES_ERROR;
				CLANG_WARN_QUOTED_INCLUDE_IN_FRAMEWORK_HEADER = YES;
				CLANG_WARN_RANGE_LOOP_ANALYSIS = YES;
				CLANG_WARN_STRICT_PROTOTYPES = YES;
				CLANG_WARN_SUSPICIOUS_MOVE = YES;
				CLANG_WARN_UNGUARDED_AVAILABILITY = YES_AGGRESSIVE;
				CLANG_WARN_UNREACHABLE_CODE = YES;
				CLANG_WARN__DUPLICATE_METHOD_MATCH = YES;
				COPY_PHASE_STRIP = NO;
				DEBUG_INFORMATION_FORMAT = dwarf;
				ENABLE_STRICT_OBJC_MSGSEND = YES;
				ENABLE_TESTABILITY = YES;
				GCC_C_LANGUAGE_STANDARD = gnu11;
				GCC_DYNAMIC_NO_PIC = NO;
				GCC_NO_COMMON_BLOCKS = YES;
				GCC_OPTIMIZATION_LEVEL = 0;
				GCC_PREPROCESSOR_DEFINITIONS = (
					"DEBUG=1",
					"$(inherited)",
				);
				GCC_WARN_64_TO_32_BIT_CONVERSION = YES;
				GCC_WARN_ABOUT_RETURN_TYPE = YES_ERROR;
				GCC_WARN_UNDECLARED_SELECTOR = YES;
				GCC_WARN_UNINITIALIZED_AUTOS = YES_AGGRESSIVE;
				GCC_WARN_UNUSED_FUNCTION = YES;
				GCC_WARN_UNUSED_VARIABLE = YES;
				IPHONEOS_DEPLOYMENT_TARGET = 14.4;
				MTL_ENABLE_DEBUG_INFO = INCLUDE_SOURCE;
				MTL_FAST_MATH = YES;
				ONLY_ACTIVE_ARCH = YES;
				SDKROOT = iphoneos;
				SWIFT_ACTIVE_COMPILATION_CONDITIONS = DEBUG;
				SWIFT_OPTIMIZATION_LEVEL = "-Onone";
			};
			name = Debug;
		};
		8BD0E275260F535F00D21D1D /* Release */ = {
			isa = XCBuildConfiguration;
			buildSettings = {
				ALWAYS_SEARCH_USER_PATHS = NO;
				CLANG_ANALYZER_LOCALIZABILITY_NONLOCALIZED = YES;
				CLANG_ANALYZER_NONNULL = YES;
				CLANG_ANALYZER_NUMBER_OBJECT_CONVERSION = YES_AGGRESSIVE;
				CLANG_CXX_LANGUAGE_STANDARD = "gnu++14";
				CLANG_CXX_LIBRARY = "libc++";
				CLANG_ENABLE_MODULES = YES;
				CLANG_ENABLE_OBJC_ARC = YES;
				CLANG_ENABLE_OBJC_WEAK = YES;
				CLANG_WARN_BLOCK_CAPTURE_AUTORELEASING = YES;
				CLANG_WARN_BOOL_CONVERSION = YES;
				CLANG_WARN_COMMA = YES;
				CLANG_WARN_CONSTANT_CONVERSION = YES;
				CLANG_WARN_DEPRECATED_OBJC_IMPLEMENTATIONS = YES;
				CLANG_WARN_DIRECT_OBJC_ISA_USAGE = YES_ERROR;
				CLANG_WARN_DOCUMENTATION_COMMENTS = YES;
				CLANG_WARN_EMPTY_BODY = YES;
				CLANG_WARN_ENUM_CONVERSION = YES;
				CLANG_WARN_INFINITE_RECURSION = YES;
				CLANG_WARN_INT_CONVERSION = YES;
				CLANG_WARN_NON_LITERAL_NULL_CONVERSION = YES;
				CLANG_WARN_OBJC_IMPLICIT_RETAIN_SELF = YES;
				CLANG_WARN_OBJC_LITERAL_CONVERSION = YES;
				CLANG_WARN_OBJC_ROOT_CLASS = YES_ERROR;
				CLANG_WARN_QUOTED_INCLUDE_IN_FRAMEWORK_HEADER = YES;
				CLANG_WARN_RANGE_LOOP_ANALYSIS = YES;
				CLANG_WARN_STRICT_PROTOTYPES = YES;
				CLANG_WARN_SUSPICIOUS_MOVE = YES;
				CLANG_WARN_UNGUARDED_AVAILABILITY = YES_AGGRESSIVE;
				CLANG_WARN_UNREACHABLE_CODE = YES;
				CLANG_WARN__DUPLICATE_METHOD_MATCH = YES;
				COPY_PHASE_STRIP = NO;
				DEBUG_INFORMATION_FORMAT = "dwarf-with-dsym";
				ENABLE_NS_ASSERTIONS = NO;
				ENABLE_STRICT_OBJC_MSGSEND = YES;
				GCC_C_LANGUAGE_STANDARD = gnu11;
				GCC_NO_COMMON_BLOCKS = YES;
				GCC_WARN_64_TO_32_BIT_CONVERSION = YES;
				GCC_WARN_ABOUT_RETURN_TYPE = YES_ERROR;
				GCC_WARN_UNDECLARED_SELECTOR = YES;
				GCC_WARN_UNINITIALIZED_AUTOS = YES_AGGRESSIVE;
				GCC_WARN_UNUSED_FUNCTION = YES;
				GCC_WARN_UNUSED_VARIABLE = YES;
				IPHONEOS_DEPLOYMENT_TARGET = 14.4;
				MTL_ENABLE_DEBUG_INFO = NO;
				MTL_FAST_MATH = YES;
				SDKROOT = iphoneos;
				SWIFT_COMPILATION_MODE = wholemodule;
				SWIFT_OPTIMIZATION_LEVEL = "-O";
				VALIDATE_PRODUCT = YES;
			};
			name = Release;
		};
		8BD0E277260F535F00D21D1D /* Debug */ = {
			isa = XCBuildConfiguration;
			baseConfigurationReference = 5E382F16F2926B7CF145A896 /* Pods-MercadoLibreChallenge.debug.xcconfig */;
			buildSettings = {
				ASSETCATALOG_COMPILER_APPICON_NAME = AppIcon;
				ASSETCATALOG_COMPILER_GLOBAL_ACCENT_COLOR_NAME = AccentColor;
				CODE_SIGN_STYLE = Automatic;
				DEVELOPMENT_TEAM = 5Y3748E7BV;
				INFOPLIST_FILE = MercadoLibreChallenge/Info.plist;
				LD_RUNPATH_SEARCH_PATHS = (
					"$(inherited)",
					"@executable_path/Frameworks",
				);
				PRODUCT_BUNDLE_IDENTIFIER = co.com.mariorv.MercadoLibreChallenge;
				PRODUCT_NAME = "$(TARGET_NAME)";
				SWIFT_VERSION = 5.0;
				TARGETED_DEVICE_FAMILY = "1,2";
			};
			name = Debug;
		};
		8BD0E278260F535F00D21D1D /* Release */ = {
			isa = XCBuildConfiguration;
			baseConfigurationReference = 5CBC9119D6D275D997497335 /* Pods-MercadoLibreChallenge.release.xcconfig */;
			buildSettings = {
				ASSETCATALOG_COMPILER_APPICON_NAME = AppIcon;
				ASSETCATALOG_COMPILER_GLOBAL_ACCENT_COLOR_NAME = AccentColor;
				CODE_SIGN_STYLE = Automatic;
				DEVELOPMENT_TEAM = 5Y3748E7BV;
				INFOPLIST_FILE = MercadoLibreChallenge/Info.plist;
				LD_RUNPATH_SEARCH_PATHS = (
					"$(inherited)",
					"@executable_path/Frameworks",
				);
				PRODUCT_BUNDLE_IDENTIFIER = co.com.mariorv.MercadoLibreChallenge;
				PRODUCT_NAME = "$(TARGET_NAME)";
				SWIFT_VERSION = 5.0;
				TARGETED_DEVICE_FAMILY = "1,2";
			};
			name = Release;
		};
		8BD0E27A260F535F00D21D1D /* Debug */ = {
			isa = XCBuildConfiguration;
			baseConfigurationReference = 7F6135A940750C83E66B5CE2 /* Pods-MercadoLibreChallengeTests.debug.xcconfig */;
			buildSettings = {
				ALWAYS_EMBED_SWIFT_STANDARD_LIBRARIES = YES;
				BUNDLE_LOADER = "$(TEST_HOST)";
				CODE_SIGN_STYLE = Automatic;
				DEVELOPMENT_TEAM = 5Y3748E7BV;
				INFOPLIST_FILE = MercadoLibreChallengeTests/Info.plist;
				IPHONEOS_DEPLOYMENT_TARGET = 14.4;
				LD_RUNPATH_SEARCH_PATHS = (
					"$(inherited)",
					"@executable_path/Frameworks",
					"@loader_path/Frameworks",
				);
				PRODUCT_BUNDLE_IDENTIFIER = co.com.mariorv.MercadoLibreChallengeTests;
				PRODUCT_NAME = "$(TARGET_NAME)";
				SWIFT_VERSION = 5.0;
				TARGETED_DEVICE_FAMILY = "1,2";
				TEST_HOST = "$(BUILT_PRODUCTS_DIR)/MercadoLibreChallenge.app/MercadoLibreChallenge";
			};
			name = Debug;
		};
		8BD0E27B260F535F00D21D1D /* Release */ = {
			isa = XCBuildConfiguration;
			baseConfigurationReference = 5ADF912C641BDCC4C26BEDA2 /* Pods-MercadoLibreChallengeTests.release.xcconfig */;
			buildSettings = {
				ALWAYS_EMBED_SWIFT_STANDARD_LIBRARIES = YES;
				BUNDLE_LOADER = "$(TEST_HOST)";
				CODE_SIGN_STYLE = Automatic;
				DEVELOPMENT_TEAM = 5Y3748E7BV;
				INFOPLIST_FILE = MercadoLibreChallengeTests/Info.plist;
				IPHONEOS_DEPLOYMENT_TARGET = 14.4;
				LD_RUNPATH_SEARCH_PATHS = (
					"$(inherited)",
					"@executable_path/Frameworks",
					"@loader_path/Frameworks",
				);
				PRODUCT_BUNDLE_IDENTIFIER = co.com.mariorv.MercadoLibreChallengeTests;
				PRODUCT_NAME = "$(TARGET_NAME)";
				SWIFT_VERSION = 5.0;
				TARGETED_DEVICE_FAMILY = "1,2";
				TEST_HOST = "$(BUILT_PRODUCTS_DIR)/MercadoLibreChallenge.app/MercadoLibreChallenge";
			};
			name = Release;
		};
		8BD0E27D260F535F00D21D1D /* Debug */ = {
			isa = XCBuildConfiguration;
			baseConfigurationReference = 37BDD4B23C65ECED4727ABB0 /* Pods-MercadoLibreChallenge-MercadoLibreChallengeUITests.debug.xcconfig */;
			buildSettings = {
				ALWAYS_EMBED_SWIFT_STANDARD_LIBRARIES = YES;
				CODE_SIGN_STYLE = Automatic;
				DEVELOPMENT_TEAM = 5Y3748E7BV;
				INFOPLIST_FILE = MercadoLibreChallengeUITests/Info.plist;
				LD_RUNPATH_SEARCH_PATHS = (
					"$(inherited)",
					"@executable_path/Frameworks",
					"@loader_path/Frameworks",
				);
				PRODUCT_BUNDLE_IDENTIFIER = co.com.mariorv.MercadoLibreChallengeUITests;
				PRODUCT_NAME = "$(TARGET_NAME)";
				SWIFT_VERSION = 5.0;
				TARGETED_DEVICE_FAMILY = "1,2";
				TEST_TARGET_NAME = MercadoLibreChallenge;
			};
			name = Debug;
		};
		8BD0E27E260F535F00D21D1D /* Release */ = {
			isa = XCBuildConfiguration;
			baseConfigurationReference = EB9CC0FA53F1386A58552585 /* Pods-MercadoLibreChallenge-MercadoLibreChallengeUITests.release.xcconfig */;
			buildSettings = {
				ALWAYS_EMBED_SWIFT_STANDARD_LIBRARIES = YES;
				CODE_SIGN_STYLE = Automatic;
				DEVELOPMENT_TEAM = 5Y3748E7BV;
				INFOPLIST_FILE = MercadoLibreChallengeUITests/Info.plist;
				LD_RUNPATH_SEARCH_PATHS = (
					"$(inherited)",
					"@executable_path/Frameworks",
					"@loader_path/Frameworks",
				);
				PRODUCT_BUNDLE_IDENTIFIER = co.com.mariorv.MercadoLibreChallengeUITests;
				PRODUCT_NAME = "$(TARGET_NAME)";
				SWIFT_VERSION = 5.0;
				TARGETED_DEVICE_FAMILY = "1,2";
				TEST_TARGET_NAME = MercadoLibreChallenge;
			};
			name = Release;
		};
/* End XCBuildConfiguration section */

/* Begin XCConfigurationList section */
		8BD0E247260F535D00D21D1D /* Build configuration list for PBXProject "MercadoLibreChallenge" */ = {
			isa = XCConfigurationList;
			buildConfigurations = (
				8BD0E274260F535F00D21D1D /* Debug */,
				8BD0E275260F535F00D21D1D /* Release */,
			);
			defaultConfigurationIsVisible = 0;
			defaultConfigurationName = Release;
		};
		8BD0E276260F535F00D21D1D /* Build configuration list for PBXNativeTarget "MercadoLibreChallenge" */ = {
			isa = XCConfigurationList;
			buildConfigurations = (
				8BD0E277260F535F00D21D1D /* Debug */,
				8BD0E278260F535F00D21D1D /* Release */,
			);
			defaultConfigurationIsVisible = 0;
			defaultConfigurationName = Release;
		};
		8BD0E279260F535F00D21D1D /* Build configuration list for PBXNativeTarget "MercadoLibreChallengeTests" */ = {
			isa = XCConfigurationList;
			buildConfigurations = (
				8BD0E27A260F535F00D21D1D /* Debug */,
				8BD0E27B260F535F00D21D1D /* Release */,
			);
			defaultConfigurationIsVisible = 0;
			defaultConfigurationName = Release;
		};
		8BD0E27C260F535F00D21D1D /* Build configuration list for PBXNativeTarget "MercadoLibreChallengeUITests" */ = {
			isa = XCConfigurationList;
			buildConfigurations = (
				8BD0E27D260F535F00D21D1D /* Debug */,
				8BD0E27E260F535F00D21D1D /* Release */,
			);
			defaultConfigurationIsVisible = 0;
			defaultConfigurationName = Release;
		};
/* End XCConfigurationList section */
	};
	rootObject = 8BD0E244260F535D00D21D1D /* Project object */;
}
